
Microsoft Visual Studio Solution File, Format Version 12.00
# Visual Studio Version 17
VisualStudioVersion = 17.11.35431.28
MinimumVisualStudioVersion = 10.0.40219.1
Project("{9A19103F-16F7-4668-BE54-9A1E7A4F7556}") = "Ejemplo_01_0_CRUD_MVC_Simple", "ASP.NET.MVC\Ejemplo_01\Ejemplo_01_0_CRUD_MVC_Simple\Ejemplo_01_0_CRUD_MVC_Simple.csproj", "{BDFE69BB-BF6B-41C6-8E32-E6419038A822}"
EndProject
Project("{2150E333-8FDC-42A3-9474-1A3956D46DE8}") = "09_Contenedores", "09_Contenedores", "{A2247E79-E6C4-4ED0-94AC-09E29CDC2A3D}"
EndProject
Project("{2150E333-8FDC-42A3-9474-1A3956D46DE8}") = "Ejemplo_01_0_database_MSSQL", "Ejemplo_01_0_database_MSSQL", "{FB405D92-29D5-4EFC-94A0-C30232C1CC66}"
	ProjectSection(SolutionItems) = preProject
		ASP.NET.MVC\Ejemplo_01\Ejemplo_01_0_database_MSSQL\docker_script.sql = ASP.NET.MVC\Ejemplo_01\Ejemplo_01_0_database_MSSQL\docker_script.sql
		ASP.NET.MVC\Ejemplo_01\Ejemplo_01_0_database_MSSQL\local_script.sql = ASP.NET.MVC\Ejemplo_01\Ejemplo_01_0_database_MSSQL\local_script.sql
		ASP.NET.MVC\Ejemplo_01\Ejemplo_01_0_database_MSSQL\somee_script.sql = ASP.NET.MVC\Ejemplo_01\Ejemplo_01_0_database_MSSQL\somee_script.sql
	EndProjectSection
EndProject
Project("{2150E333-8FDC-42A3-9474-1A3956D46DE8}") = "Ejemplo_01_0_Docker", "Ejemplo_01_0_Docker", "{BA240214-C2ED-4EF2-A9EB-EBE73D79884B}"
	ProjectSection(SolutionItems) = preProject
		ASP.NET.MVC\Ejemplo_01\Ejemplo_01_0_Docker\docker-compose.yml = ASP.NET.MVC\Ejemplo_01\Ejemplo_01_0_Docker\docker-compose.yml
		ASP.NET.MVC\Ejemplo_01\Ejemplo_01_0_Docker\Dockerfile.dotnet = ASP.NET.MVC\Ejemplo_01\Ejemplo_01_0_Docker\Dockerfile.dotnet
		ASP.NET.MVC\Ejemplo_01\Ejemplo_01_0_Docker\Dockerfile.mssql = ASP.NET.MVC\Ejemplo_01\Ejemplo_01_0_Docker\Dockerfile.mssql
	EndProjectSection
EndProject
Project("{2150E333-8FDC-42A3-9474-1A3956D46DE8}") = "Ejemplo_05_0_Docker", "Ejemplo_05_0_Docker", "{76FE814D-7DFB-433D-935B-0C16D8EF88A9}"
	ProjectSection(SolutionItems) = preProject
		ASP.NET.MVC\Ejemplo_05\Ejemplo_05_0_Docker\Dockerfile.dotnet = ASP.NET.MVC\Ejemplo_05\Ejemplo_05_0_Docker\Dockerfile.dotnet
		ASP.NET.MVC\Ejemplo_05\Ejemplo_05_0_Docker\Dockerfile.mssql = ASP.NET.MVC\Ejemplo_05\Ejemplo_05_0_Docker\Dockerfile.mssql
		ASP.NET.MVC\Ejemplo_05\Ejemplo_05_0_Docker\Readme.md = ASP.NET.MVC\Ejemplo_05\Ejemplo_05_0_Docker\Readme.md
	EndProjectSection
EndProject
Project("{2150E333-8FDC-42A3-9474-1A3956D46DE8}") = "Ejemplo_05_0_database_MSSQL", "Ejemplo_05_0_database_MSSQL", "{114BF462-C16A-4786-B800-30F152856328}"
	ProjectSection(SolutionItems) = preProject
		ASP.NET.MVC\Ejemplo_05\Ejemplo_05_0_database_MSSQL\docker_script.sql = ASP.NET.MVC\Ejemplo_05\Ejemplo_05_0_database_MSSQL\docker_script.sql
		ASP.NET.MVC\Ejemplo_05\Ejemplo_05_0_database_MSSQL\local_script.sql = ASP.NET.MVC\Ejemplo_05\Ejemplo_05_0_database_MSSQL\local_script.sql
		ASP.NET.MVC\Ejemplo_05\Ejemplo_05_0_database_MSSQL\somee_script.sql = ASP.NET.MVC\Ejemplo_05\Ejemplo_05_0_database_MSSQL\somee_script.sql
	EndProjectSection
EndProject
Project("{FAE04EC0-301F-11D3-BF4B-00C04F79EFBC}") = "Ejemplo_01_blazor_webassembly", "ASP.NET.MVC.BLAZOR.WEBASSEMBLY\Ejemplo_11_blazor_webassembly\Ejemplo_01_blazor_webassembly.csproj", "{9B28BF29-666F-412B-B902-1E43A9DEA4E4}"
EndProject
Project("{2150E333-8FDC-42A3-9474-1A3956D46DE8}") = "Ejemplo_03_0_Docker", "Ejemplo_03_0_Docker", "{8B96E855-64EB-4BD5-8FC5-D9DBE74AAF7C}"
EndProject
Project("{2150E333-8FDC-42A3-9474-1A3956D46DE8}") = "Ejemplo_03_0_database_MSSQL", "Ejemplo_03_0_database_MSSQL", "{4C7F35A2-60D6-408B-A04F-0818ABDD0BAD}"
	ProjectSection(SolutionItems) = preProject
		ASP.NET.MVC\Ejemplo_03\Ejemplo_03_0_database_MSSQL\docker_script.sql = ASP.NET.MVC\Ejemplo_03\Ejemplo_03_0_database_MSSQL\docker_script.sql
		ASP.NET.MVC\Ejemplo_03\Ejemplo_03_0_database_MSSQL\local_script.sql = ASP.NET.MVC\Ejemplo_03\Ejemplo_03_0_database_MSSQL\local_script.sql
		ASP.NET.MVC\Ejemplo_03\Ejemplo_03_0_database_MSSQL\somee_script.sql = ASP.NET.MVC\Ejemplo_03\Ejemplo_03_0_database_MSSQL\somee_script.sql
	EndProjectSection
EndProject
Project("{2150E333-8FDC-42A3-9474-1A3956D46DE8}") = "04_ASP.NET.MVC", "04_ASP.NET.MVC", "{52EF6C6D-BA7C-4093-9B5E-C500AA261857}"
	ProjectSection(SolutionItems) = preProject
		ASP.NET.MVC\Readme.md = ASP.NET.MVC\Readme.md
	EndProjectSection
EndProject
Project("{2150E333-8FDC-42A3-9474-1A3956D46DE8}") = "05_ASP.NET.Blazor.Server", "05_ASP.NET.Blazor.Server", "{FF7E79C6-1472-409B-ABD2-66E62E9C2AC9}"
EndProject
Project("{2150E333-8FDC-42A3-9474-1A3956D46DE8}") = "06_ASP.NET.Blazor.WebAssembly", "06_ASP.NET.Blazor.WebAssembly", "{5A1557C7-DB99-498D-9B3B-1D00AB8E85F3}"
EndProject
Project("{FAE04EC0-301F-11D3-BF4B-00C04F79EFBC}") = "Ejemplo_02_0_CRUD_RestAPI_y_MVC_Simple", "ASP.NET.MVC\Ejemplo_02\Ejemplo_02_0_CRUD_RestAPI_y_MVC_Simple\Ejemplo_02_0_CRUD_RestAPI_y_MVC_Simple.csproj", "{8EDD9D31-93EC-4262-8712-FFA91939CDB8}"
EndProject
Project("{2150E333-8FDC-42A3-9474-1A3956D46DE8}") = "Ejemplo_02_0_Docker", "Ejemplo_02_0_Docker", "{F249BA92-9F27-46EC-BCB9-3AA011F1AC80}"
EndProject
Project("{2150E333-8FDC-42A3-9474-1A3956D46DE8}") = "Ejemplo_02_0_database_MSSQL", "Ejemplo_02_0_database_MSSQL", "{14C46B57-0F6E-461C-A36E-A8B1CA61B170}"
	ProjectSection(SolutionItems) = preProject
		ASP.NET.MVC\Ejemplo_02\Ejemplo_02_0_database_MSSQL\docker_script.sql = ASP.NET.MVC\Ejemplo_02\Ejemplo_02_0_database_MSSQL\docker_script.sql
		ASP.NET.MVC\Ejemplo_02\Ejemplo_02_0_database_MSSQL\local_script.sql = ASP.NET.MVC\Ejemplo_02\Ejemplo_02_0_database_MSSQL\local_script.sql
		ASP.NET.MVC\Ejemplo_02\Ejemplo_02_0_database_MSSQL\somee_script.sql = ASP.NET.MVC\Ejemplo_02\Ejemplo_02_0_database_MSSQL\somee_script.sql
	EndProjectSection
EndProject
Project("{FAE04EC0-301F-11D3-BF4B-00C04F79EFBC}") = "Ejemplo_06_Login_Roles_Areas", "ASP.NET.MVC\Ejemplo_06_Login_Roles_Areas\Ejemplo_06_Login_Roles_Areas.csproj", "{96805640-91B5-434F-B578-E2A8C60F5DBF}"
EndProject
Project("{FAE04EC0-301F-11D3-BF4B-00C04F79EFBC}") = "Ejemplo_07_Login_Identity", "ASP.NET.MVC\Ejemplo_07_Login_Identity\Ejemplo_07_Login_Identity.csproj", "{AF5F840A-1AE8-482D-AAB5-57C27F1C27B2}"
EndProject
Project("{FAE04EC0-301F-11D3-BF4B-00C04F79EFBC}") = "Ejemplo_02_1_Cliente_RestAPI", "ASP.NET.MVC\Ejemplo_02\Ejemplo_02_1_Cliente_RestAPI\Ejemplo_02_1_Cliente_RestAPI.csproj", "{C8FBF9B4-13E3-43DD-9D20-568676B1CC7C}"
EndProject
Project("{2150E333-8FDC-42A3-9474-1A3956D46DE8}") = "Ejemplo_02_rest_mvc_y_clientes", "Ejemplo_02_rest_mvc_y_clientes", "{4FBB2938-73D1-426E-B88B-4019BB8229BB}"
EndProject
Project("{2150E333-8FDC-42A3-9474-1A3956D46DE8}") = "Ejemplo_01_crud_mvc", "Ejemplo_01_crud_mvc", "{0CD9C2F1-7D5D-4C58-BBC8-3702D66EEE29}"
	ProjectSection(SolutionItems) = preProject
		ASP.NET.MVC\Ejemplo_01\Readme.md = ASP.NET.MVC\Ejemplo_01\Readme.md
	EndProjectSection
EndProject
Project("{2150E333-8FDC-42A3-9474-1A3956D46DE8}") = "Ejemplo_03_login", "Ejemplo_03_login", "{174558DB-A114-4637-8CA2-5EC3AE9EFE68}"
EndProject
Project("{2150E333-8FDC-42A3-9474-1A3956D46DE8}") = "Ejemplo_04_login_y_roles", "Ejemplo_04_login_y_roles", "{5A4EE48B-A904-4499-AD88-FE41A7B83A86}"
EndProject
Project("{2150E333-8FDC-42A3-9474-1A3956D46DE8}") = "Ejemplo_05_areas", "Ejemplo_05_areas", "{4C0374E9-0451-45D2-A989-10A7B01636C5}"
EndProject
Project("{2150E333-8FDC-42A3-9474-1A3956D46DE8}") = "Ejemplo_06", "Ejemplo_06", "{9B1FDB03-2E77-4D37-9B1B-95A48D08B597}"
EndProject
Project("{2150E333-8FDC-42A3-9474-1A3956D46DE8}") = "Ejemplo_07", "Ejemplo_07", "{E56A11F3-0E25-4747-9339-7E3601FD8B66}"
EndProject
Project("{2150E333-8FDC-42A3-9474-1A3956D46DE8}") = "Ejemplo_02_2_Cliente_HTML_Simple", "Ejemplo_02_2_Cliente_HTML_Simple", "{9A96B121-E48E-4247-87E8-A0DEE0CC9298}"
	ProjectSection(SolutionItems) = preProject
		ASP.NET.MVC\Ejemplo_02\Ejemplo_02_2_Cliente_HTML_Simple\index.html = ASP.NET.MVC\Ejemplo_02\Ejemplo_02_2_Cliente_HTML_Simple\index.html
		ASP.NET.MVC\Ejemplo_02\Ejemplo_02_2_Cliente_HTML_Simple\readme.md = ASP.NET.MVC\Ejemplo_02\Ejemplo_02_2_Cliente_HTML_Simple\readme.md
	EndProjectSection
EndProject
Project("{2150E333-8FDC-42A3-9474-1A3956D46DE8}") = "Ejemplo_02_3_Cliente_PowerShell", "Ejemplo_02_3_Cliente_PowerShell", "{06857E11-13E3-4034-8F3A-0C4B2A7E6831}"
EndProject
Project("{2150E333-8FDC-42A3-9474-1A3956D46DE8}") = "Ejemplo_02_0_Docs", "Ejemplo_02_0_Docs", "{3AEA8710-1F6B-4D44-85E1-640D022A6718}"
EndProject
Project("{FAE04EC0-301F-11D3-BF4B-00C04F79EFBC}") = "Ejemplo_03_0_Login_Simple", "ASP.NET.MVC\Ejemplo_03\Ejemplo_03_0_Login_Simple\Ejemplo_03_0_Login_Simple.csproj", "{656D64E4-E622-4DE6-B908-C6957D8FE2EE}"
EndProject
Project("{2150E333-8FDC-42A3-9474-1A3956D46DE8}") = "Ejemplo_04_0_database_MSSQL", "Ejemplo_04_0_database_MSSQL", "{7C0BD1BE-B492-4480-81DD-870B7B65EFA8}"
	ProjectSection(SolutionItems) = preProject
		ASP.NET.MVC\Ejemplo_04\Ejemplo_04_0_database_MSSQL\docker_script.sql = ASP.NET.MVC\Ejemplo_04\Ejemplo_04_0_database_MSSQL\docker_script.sql
		ASP.NET.MVC\Ejemplo_04\Ejemplo_04_0_database_MSSQL\local_script.sql = ASP.NET.MVC\Ejemplo_04\Ejemplo_04_0_database_MSSQL\local_script.sql
		ASP.NET.MVC\Ejemplo_04\Ejemplo_04_0_database_MSSQL\somee_script.sql = ASP.NET.MVC\Ejemplo_04\Ejemplo_04_0_database_MSSQL\somee_script.sql
	EndProjectSection
EndProject
Project("{2150E333-8FDC-42A3-9474-1A3956D46DE8}") = "Ejemplo_04_0_Docker", "Ejemplo_04_0_Docker", "{A25C741F-A8B0-4B23-8C3E-B3AB6388FFBB}"
	ProjectSection(SolutionItems) = preProject
		ASP.NET.MVC\Ejemplo_04\Ejemplo_04_0_Docker\docker-compose.yml = ASP.NET.MVC\Ejemplo_04\Ejemplo_04_0_Docker\docker-compose.yml
		ASP.NET.MVC\Ejemplo_04\Ejemplo_04_0_Docker\Dockerfile.dotnet = ASP.NET.MVC\Ejemplo_04\Ejemplo_04_0_Docker\Dockerfile.dotnet
		ASP.NET.MVC\Ejemplo_04\Ejemplo_04_0_Docker\Dockerfile.mssql = ASP.NET.MVC\Ejemplo_04\Ejemplo_04_0_Docker\Dockerfile.mssql
		ASP.NET.MVC\Ejemplo_04\Ejemplo_04_0_Docker\Readme.md = ASP.NET.MVC\Ejemplo_04\Ejemplo_04_0_Docker\Readme.md
	EndProjectSection
EndProject
Project("{2150E333-8FDC-42A3-9474-1A3956D46DE8}") = "Docker", "Docker", "{F06EDEE0-AE17-4D7B-854D-22EAA0E92127}"
	ProjectSection(SolutionItems) = preProject
		CONTENEDORES\Docker\clear.all.sh = CONTENEDORES\Docker\clear.all.sh
		CONTENEDORES\Docker\install.sh = CONTENEDORES\Docker\install.sh
		CONTENEDORES\Docker\Readme.md = CONTENEDORES\Docker\Readme.md
	EndProjectSection
EndProject
Project("{2150E333-8FDC-42A3-9474-1A3956D46DE8}") = "imgs", "imgs", "{636DB9F1-79BC-43B0-804F-580CB1CE751E}"
	ProjectSection(SolutionItems) = preProject
		Tools\Docker\imgs\workflow.png = Tools\Docker\imgs\workflow.png
	EndProjectSection
EndProject
Project("{FAE04EC0-301F-11D3-BF4B-00C04F79EFBC}") = "Ejemplo_05_Areas", "ASP.NET.MVC\Ejemplo_05\Ejemplo_05_0_Areas\Ejemplo_05_Areas.csproj", "{95225434-9AB7-4C85-8206-81AAE7C38038}"
EndProject
Project("{2150E333-8FDC-42A3-9474-1A3956D46DE8}") = "Ejemplo_08_dialogos", "Ejemplo_08_dialogos", "{16FF19AE-0307-43E3-92DB-E54C05C6FCB5}"
EndProject
Project("{FAE04EC0-301F-11D3-BF4B-00C04F79EFBC}") = "Ejemplo_08_form_dialogos", "ASP.NET.MVC\Ejemplo_08\Ejemplo_08_form_dialogos\Ejemplo_08_form_dialogos.csproj", "{3A50A03B-C23C-4DEB-802B-0E4EB5BD3547}"
EndProject
Project("{2150E333-8FDC-42A3-9474-1A3956D46DE8}") = "Scripts", "Scripts", "{2B97B8FC-8DB9-4294-9D8D-A491BD63928E}"
	ProjectSection(SolutionItems) = preProject
		ASP.NET.MVC\Ejemplo_05\Ejemplo_05_0_Docker\create_dotnet_container.sh = ASP.NET.MVC\Ejemplo_05\Ejemplo_05_0_Docker\create_dotnet_container.sh
		ASP.NET.MVC\Ejemplo_05\Ejemplo_05_0_Docker\create_mssql_container.sh = ASP.NET.MVC\Ejemplo_05\Ejemplo_05_0_Docker\create_mssql_container.sh
		ASP.NET.MVC\Ejemplo_05\Ejemplo_05_0_Docker\stop.sh = ASP.NET.MVC\Ejemplo_05\Ejemplo_05_0_Docker\stop.sh
	EndProjectSection
EndProject
Project("{2150E333-8FDC-42A3-9474-1A3956D46DE8}") = "01_ADO.NET", "01_ADO.NET", "{349F2EED-424B-4141-927C-E1FADDA6922A}"
EndProject
Project("{2150E333-8FDC-42A3-9474-1A3956D46DE8}") = "Ejemplos_01_Queries_Simple", "Ejemplos_01_Queries_Simple", "{96A18C08-C52B-485C-A1FD-11FDA92D277F}"
EndProject
Project("{2150E333-8FDC-42A3-9474-1A3956D46DE8}") = "Ejemplos_03_DAOs", "Ejemplos_03_DAOs", "{1CF903DB-9D91-4C81-9262-8BF9E516A5C4}"
EndProject
Project("{2150E333-8FDC-42A3-9474-1A3956D46DE8}") = "Ejemplos_02_Obj_A_Relacional", "Ejemplos_02_Obj_A_Relacional", "{93C7DF73-0540-4666-90C9-86CFBED82FB3}"
EndProject
Project("{FAE04EC0-301F-11D3-BF4B-00C04F79EFBC}") = "Ejemplo_01_Adapter_Select", "ADO.NET\Ejemplo_01_Adapter_Select\Ejemplo_01_Adapter_Select.csproj", "{C682FC96-880B-40E9-9C4E-B8B6E0C81294}"
EndProject
Project("{2150E333-8FDC-42A3-9474-1A3956D46DE8}") = "Clientes", "Clientes", "{004697D2-7084-4669-A793-9A348D883672}"
EndProject
Project("{2150E333-8FDC-42A3-9474-1A3956D46DE8}") = "Clientes", "Clientes", "{3EC89F98-6C96-4E97-98B1-5760672759AA}"
EndProject
Project("{2150E333-8FDC-42A3-9474-1A3956D46DE8}") = "Servicios", "Servicios", "{7C92D0D0-D57D-490C-B84E-0EEE86D64AAD}"
EndProject
Project("{2150E333-8FDC-42A3-9474-1A3956D46DE8}") = "Despliegue", "Despliegue", "{7931F833-6B64-460E-975A-A42042391EB4}"
EndProject
Project("{FAE04EC0-301F-11D3-BF4B-00C04F79EFBC}") = "Ejemplo_02_Reader_Select", "ADO.NET\Ejemplo_02_Reader_Select\Ejemplo_02_Reader_Select.csproj", "{D47E0965-7528-47AA-AC05-313FA88A55C1}"
EndProject
Project("{FAE04EC0-301F-11D3-BF4B-00C04F79EFBC}") = "Ejemplo_03_Insert", "ADO.NET\Ejemplo_03_Insert\Ejemplo_03_Insert.csproj", "{7DBD313F-590B-4FE7-9630-760A613C8C46}"
EndProject
Project("{FAE04EC0-301F-11D3-BF4B-00C04F79EFBC}") = "Ejemplo_04_Insert_return_ID", "ADO.NET\Ejemplo_04_Insert_return_ID\Ejemplo_04_Insert_return_ID.csproj", "{CA788C18-231D-408B-B0CB-1345AAEF8A48}"
EndProject
Project("{FAE04EC0-301F-11D3-BF4B-00C04F79EFBC}") = "Ejemplo_05_Update", "ADO.NET\Ejemplo_05_Update\Ejemplo_05_Update.csproj", "{72EB44B1-C2FC-4E92-8A9D-8295A13426AC}"
EndProject
Project("{FAE04EC0-301F-11D3-BF4B-00C04F79EFBC}") = "Ejemplo_06_Select_by_Id", "ADO.NET\Ejemplo_06_Select_by_Id\Ejemplo_06_Select_by_Id.csproj", "{B14AA4C8-F963-4379-9C23-FD95896EBA13}"
EndProject
Project("{FAE04EC0-301F-11D3-BF4B-00C04F79EFBC}") = "Ejemplo_07_Delete", "ADO.NET\Ejemplo_07_Delete\Ejemplo_07_Delete.csproj", "{2B9A3433-F023-475B-A717-200551D558ED}"
EndProject
Project("{FAE04EC0-301F-11D3-BF4B-00C04F79EFBC}") = "Ejemplo_08_Consulta_Personas", "ADO.NET\Ejemplo_08_Consulta_Personas\Ejemplo_08_Consulta_Personas.csproj", "{C57CB13E-C2BC-4340-B395-6C81D3FDA22B}"
EndProject
Project("{2150E333-8FDC-42A3-9474-1A3956D46DE8}") = "Despliegue", "Despliegue", "{48839DB8-A9E1-41B7-AE4B-4BD224294CEC}"
EndProject
Project("{2150E333-8FDC-42A3-9474-1A3956D46DE8}") = "Servicios", "Servicios", "{CF97E0FF-B32F-4365-B39C-83151146C088}"
EndProject
Project("{FAE04EC0-301F-11D3-BF4B-00C04F79EFBC}") = "Ejemplo_09_CrearPersona", "ADO.NET\Ejemplo_09_CrearPersona\Ejemplo_09_CrearPersona.csproj", "{6F3E343F-A419-46FD-AE2B-413A59F66D46}"
EndProject
Project("{FAE04EC0-301F-11D3-BF4B-00C04F79EFBC}") = "Ejemplo_10_ActualizarPersona", "ADO.NET\Ejemplo_10_ActualizarPersona\Ejemplo_10_ActualizarPersona.csproj", "{41A6E8E1-41DC-4158-BF06-D872D327B4A7}"
EndProject
Project("{FAE04EC0-301F-11D3-BF4B-00C04F79EFBC}") = "Ejemplo_11_Consulta_Persona_Por_ID", "ADO.NET\Ejemplo_11_Consulta_Persona_Por_ID\Ejemplo_11_Consulta_Persona_Por_ID.csproj", "{F9EFCCB9-7E02-4ACE-98ED-2FC396FDAE83}"
EndProject
Project("{FAE04EC0-301F-11D3-BF4B-00C04F79EFBC}") = "Ejemplo_12_Eliminar_Persona", "ADO.NET\Ejemplo_12_Eliminar_Persona\Ejemplo_12_Eliminar_Persona.csproj", "{217ED486-B591-4728-941D-19BFAF838FD6}"
EndProject
Project("{FAE04EC0-301F-11D3-BF4B-00C04F79EFBC}") = "Ejemplo_13_Personas", "ADO.NET\Ejemplo_13_Administracion_Personas\Ejemplo_13_Personas.csproj", "{B9F7A9DF-9F23-419B-B8DE-3B21F516D30E}"
EndProject
Project("{2150E333-8FDC-42A3-9474-1A3956D46DE8}") = "Despliegue", "Despliegue", "{CCE06902-555D-4DE1-BF78-1FD65B619E46}"
EndProject
Project("{2150E333-8FDC-42A3-9474-1A3956D46DE8}") = "Servicios", "Servicios", "{8A2A237F-BB39-47CB-8DD4-A45586DD4BE7}"
EndProject
Project("{2150E333-8FDC-42A3-9474-1A3956D46DE8}") = "Scritps", "Scritps", "{4F9675A2-B47C-422C-BA60-0C6B23B1FAC2}"
	ProjectSection(SolutionItems) = preProject
		ASP.NET.MVC\Ejemplo_01\Ejemplo_01_0_Docker\create_dotnet_container.sh = ASP.NET.MVC\Ejemplo_01\Ejemplo_01_0_Docker\create_dotnet_container.sh
		ASP.NET.MVC\Ejemplo_01\Ejemplo_01_0_Docker\create_mssql_container.sh = ASP.NET.MVC\Ejemplo_01\Ejemplo_01_0_Docker\create_mssql_container.sh
		ASP.NET.MVC\Ejemplo_01\Ejemplo_01_0_Docker\stop.sh = ASP.NET.MVC\Ejemplo_01\Ejemplo_01_0_Docker\stop.sh
	EndProjectSection
EndProject
Project("{2150E333-8FDC-42A3-9474-1A3956D46DE8}") = "Despliegue", "Despliegue", "{E011D733-6B01-4E6B-AE1D-31A9A48C139F}"
EndProject
Project("{2150E333-8FDC-42A3-9474-1A3956D46DE8}") = "Servicios", "Servicios", "{9243F27E-F618-4D70-AC5D-25CA9C0C6333}"
EndProject
Project("{2150E333-8FDC-42A3-9474-1A3956D46DE8}") = "Despliegue", "Despliegue", "{B2BC471C-A765-42EE-B43A-8A3A4AE57CEC}"
EndProject
Project("{2150E333-8FDC-42A3-9474-1A3956D46DE8}") = "Servicios", "Servicios", "{453FD033-83AE-4596-9003-4889BA0F5378}"
EndProject
Project("{2150E333-8FDC-42A3-9474-1A3956D46DE8}") = "Scripts", "Scripts", "{D87E8AC7-8A7D-434D-AAA5-2EF26FD91326}"
	ProjectSection(SolutionItems) = preProject
		Ejemplo_02\Ejemplo_02_0_Docker\create_dotnet_container.sh = Ejemplo_02\Ejemplo_02_0_Docker\create_dotnet_container.sh
		Ejemplo_02\Ejemplo_02_0_Docker\create_mssql_container.sh = Ejemplo_02\Ejemplo_02_0_Docker\create_mssql_container.sh
		Ejemplo_02\Ejemplo_02_0_Docker\stop.sh = Ejemplo_02\Ejemplo_02_0_Docker\stop.sh
	EndProjectSection
EndProject
Project("{2150E333-8FDC-42A3-9474-1A3956D46DE8}") = "Scripts", "Scripts", "{370932FA-CFFD-429C-982C-80AB44DC622A}"
EndProject
Project("{2150E333-8FDC-42A3-9474-1A3956D46DE8}") = "Scripts", "Scripts", "{177B0802-75D4-4772-A17C-A7C5C8BB5D88}"
	ProjectSection(SolutionItems) = preProject
		ASP.NET.MVC\Ejemplo_04\Ejemplo_04_0_Docker\create_dotnet_container.sh = ASP.NET.MVC\Ejemplo_04\Ejemplo_04_0_Docker\create_dotnet_container.sh
		ASP.NET.MVC\Ejemplo_04\Ejemplo_04_0_Docker\create_mssql_container.sh = ASP.NET.MVC\Ejemplo_04\Ejemplo_04_0_Docker\create_mssql_container.sh
		ASP.NET.MVC\Ejemplo_04\Ejemplo_04_0_Docker\stop.sh = ASP.NET.MVC\Ejemplo_04\Ejemplo_04_0_Docker\stop.sh
	EndProjectSection
EndProject
Project("{2150E333-8FDC-42A3-9474-1A3956D46DE8}") = "Servicios", "Servicios", "{AA195E37-92B2-4D8E-99AA-70EFD511FF39}"
EndProject
Project("{2150E333-8FDC-42A3-9474-1A3956D46DE8}") = "Servicios", "Servicios", "{3DD056A0-A732-46AF-948F-C77EE1BAA304}"
EndProject
Project("{2150E333-8FDC-42A3-9474-1A3956D46DE8}") = "Servicios", "Servicios", "{0A43574D-A545-4339-8C1E-B8271A745F7C}"
EndProject
Project("{2150E333-8FDC-42A3-9474-1A3956D46DE8}") = "Despliegue", "Despliegue", "{4E9AB7CB-3C70-40D0-B221-B847AA80B2B3}"
EndProject
Project("{2150E333-8FDC-42A3-9474-1A3956D46DE8}") = "Despliegue", "Despliegue", "{71B1943D-BEC0-412F-8747-2623D23D8EC8}"
EndProject
Project("{2150E333-8FDC-42A3-9474-1A3956D46DE8}") = "Despliegue", "Despliegue", "{378A088B-8D09-4A1F-9674-5C08E6213A04}"
EndProject
Project("{2150E333-8FDC-42A3-9474-1A3956D46DE8}") = "Ejemplo_05_0_Somee", "Ejemplo_05_0_Somee", "{B5D4BBE0-8939-4B5D-97D6-59D6DAD80F7B}"
	ProjectSection(SolutionItems) = preProject
		ASP.NET.MVC\Ejemplo_05\Ejemplo_05_0_Somee\publish.png = ASP.NET.MVC\Ejemplo_05\Ejemplo_05_0_Somee\publish.png
		ASP.NET.MVC\Ejemplo_05\Ejemplo_05_0_Somee\Readme.md = ASP.NET.MVC\Ejemplo_05\Ejemplo_05_0_Somee\Readme.md
	EndProjectSection
EndProject
Project("{2150E333-8FDC-42A3-9474-1A3956D46DE8}") = "Ejemplo_04_0_Somee", "Ejemplo_04_0_Somee", "{D516BCD6-3812-4311-AAB7-BF4B385EDFA3}"
	ProjectSection(SolutionItems) = preProject
		ASP.NET.MVC\Ejemplo_04\Ejemplo_04_0_Somee\publish.png = ASP.NET.MVC\Ejemplo_04\Ejemplo_04_0_Somee\publish.png
		ASP.NET.MVC\Ejemplo_04\Ejemplo_04_0_Somee\Readme.md = ASP.NET.MVC\Ejemplo_04\Ejemplo_04_0_Somee\Readme.md
	EndProjectSection
EndProject
Project("{FAE04EC0-301F-11D3-BF4B-00C04F79EFBC}") = "Ejemplo_01_CRUD_Blazor_server", "ASP.NET.BLAZOR.SERVER\Ejemplo_01_CRUD_Blazor_server\Ejemplo_01_CRUD_Blazor_server.csproj", "{C54DD1DF-4915-4E6B-B5C9-FCA175B66C08}"
EndProject
Project("{FAE04EC0-301F-11D3-BF4B-00C04F79EFBC}") = "Ejemplo_01_CRUD_Blazor_serverAutogenerado", "ASP.NET.BLAZOR.SERVER\Ejemplo_01_CRUD_Blazor_server1\Ejemplo_01_CRUD_Blazor_serverAutogenerado.csproj", "{6AC954AA-8A4F-4A6D-B479-C50BF65B691D}"
EndProject
Project("{2150E333-8FDC-42A3-9474-1A3956D46DE8}") = "03_ASP.NET.Static_File", "03_ASP.NET.Static_File", "{30FC4A2A-51F0-42C7-A988-699FB3031E74}"
EndProject
Project("{FAE04EC0-301F-11D3-BF4B-00C04F79EFBC}") = "Ejemplo_01_0_Static_Files", "ASP.NET.STATIC_FILE\Ejemplo_01\Ejemplo_01_0_Static_Files\Ejemplo_01_0_Static_Files.csproj", "{712480F7-1672-48CE-8048-C51020BF8A0F}"
EndProject
Project("{FAE04EC0-301F-11D3-BF4B-00C04F79EFBC}") = "Ejemplo_01_CRUD_Blazor_webapp", "ASP.NET.BLAZOR.WEBAPP\Ejemplo_01\Ejemplo_01_CRUD_Blazor_webapp\Ejemplo_01_CRUD_Blazor_webapp.csproj", "{02981F8D-F67F-42F9-A3B6-F844FE1539F3}"
EndProject
Project("{2150E333-8FDC-42A3-9474-1A3956D46DE8}") = "07_ASP.NET.Blazor.Webapp", "07_ASP.NET.Blazor.Webapp", "{96AA8DB2-3673-4684-8B9E-E979F138E3B9}"
	ProjectSection(SolutionItems) = preProject
		ASP.NET.BLAZOR.WEBAPP\Readme.md = ASP.NET.BLAZOR.WEBAPP\Readme.md
	EndProjectSection
EndProject
Project("{2150E333-8FDC-42A3-9474-1A3956D46DE8}") = "Ejemplo_01_crud_webapp", "Ejemplo_01_crud_webapp", "{F5FCC2A3-134B-4EED-BA2D-FA6266C300FA}"
EndProject
Project("{2150E333-8FDC-42A3-9474-1A3956D46DE8}") = "Servicios", "Servicios", "{36DA0313-D53B-4DB8-AC4E-1CB3BE4F7C75}"
EndProject
Project("{2150E333-8FDC-42A3-9474-1A3956D46DE8}") = "Despliegue", "Despliegue", "{5EC0DF16-17F6-4441-A54F-0A5BB8B982A5}"
EndProject
Project("{2150E333-8FDC-42A3-9474-1A3956D46DE8}") = "Ejemplo_01_0_Somee", "Ejemplo_01_0_Somee", "{6CB34354-AA59-476D-B5E4-A67D5FBAEEB3}"
	ProjectSection(SolutionItems) = preProject
		ASP.NET.BLAZOR.WEBAPP\Ejemplo_01\Ejemplo_01_Somee\Readme.md = ASP.NET.BLAZOR.WEBAPP\Ejemplo_01\Ejemplo_01_Somee\Readme.md
	EndProjectSection
EndProject
Project("{2150E333-8FDC-42A3-9474-1A3956D46DE8}") = "Ejemplo_01_0_database_MSSQL", "Ejemplo_01_0_database_MSSQL", "{7369DBEA-8A8C-44FD-8786-16E41AC830B4}"
	ProjectSection(SolutionItems) = preProject
		ASP.NET.BLAZOR.WEBAPP\Ejemplo_01\Ejemplo_01_0_database_MSSQL\docker_script.sql = ASP.NET.BLAZOR.WEBAPP\Ejemplo_01\Ejemplo_01_0_database_MSSQL\docker_script.sql
		ASP.NET.BLAZOR.WEBAPP\Ejemplo_01\Ejemplo_01_0_database_MSSQL\local_script.sql = ASP.NET.BLAZOR.WEBAPP\Ejemplo_01\Ejemplo_01_0_database_MSSQL\local_script.sql
		ASP.NET.BLAZOR.WEBAPP\Ejemplo_01\Ejemplo_01_0_database_MSSQL\somee_script.sql = ASP.NET.BLAZOR.WEBAPP\Ejemplo_01\Ejemplo_01_0_database_MSSQL\somee_script.sql
	EndProjectSection
EndProject
Project("{2150E333-8FDC-42A3-9474-1A3956D46DE8}") = "Ejemplo_01_0_Docker", "Ejemplo_01_0_Docker", "{409611E8-1182-4EBE-A202-13C03F45C1FD}"
	ProjectSection(SolutionItems) = preProject
		ASP.NET.BLAZOR.WEBAPP\Ejemplo_01\Ejemplo_01_0_Docker\docker-compose.yml = ASP.NET.BLAZOR.WEBAPP\Ejemplo_01\Ejemplo_01_0_Docker\docker-compose.yml
		ASP.NET.BLAZOR.WEBAPP\Ejemplo_01\Ejemplo_01_0_Docker\Dockerfile.dotnet = ASP.NET.BLAZOR.WEBAPP\Ejemplo_01\Ejemplo_01_0_Docker\Dockerfile.dotnet
		ASP.NET.BLAZOR.WEBAPP\Ejemplo_01\Ejemplo_01_0_Docker\Dockerfile.mssql = ASP.NET.BLAZOR.WEBAPP\Ejemplo_01\Ejemplo_01_0_Docker\Dockerfile.mssql
	EndProjectSection
EndProject
Project("{2150E333-8FDC-42A3-9474-1A3956D46DE8}") = "Ejemplo_02_webapp_rest_y_clientes", "Ejemplo_02_webapp_rest_y_clientes", "{B6872E8B-3BD4-49AB-802D-6FDF1774A172}"
EndProject
Project("{2150E333-8FDC-42A3-9474-1A3956D46DE8}") = "Ejemplo_03_login", "Ejemplo_03_login", "{0E63512D-27AF-4588-8B30-6077DF057B85}"
	ProjectSection(SolutionItems) = preProject
		ASP.NET.BLAZOR.WEBAPP\Ejemplo_03\Readme.md = ASP.NET.BLAZOR.WEBAPP\Ejemplo_03\Readme.md
	EndProjectSection
EndProject
Project("{2150E333-8FDC-42A3-9474-1A3956D46DE8}") = "Servicios", "Servicios", "{96B5FEDE-5CCD-4DC0-95DF-C4D4C4EBB46E}"
EndProject
Project("{2150E333-8FDC-42A3-9474-1A3956D46DE8}") = "Servicios", "Servicios", "{F10AA1EE-35D1-47AF-BF3A-EB6809D6FFAA}"
EndProject
Project("{FAE04EC0-301F-11D3-BF4B-00C04F79EFBC}") = "Ejemplo_02_0_CRUD_RestAPI_y_Web_Simple", "ASP.NET.BLAZOR.WEBAPP\Ejemplo_02\Ejemplo_02_0_CRUD_RestAPI_y_Web_Simple\Ejemplo_02_0_CRUD_RestAPI_y_Web_Simple.csproj", "{2FB30683-E0DC-4B38-8359-A17A00ECE68D}"
EndProject
Project("{2150E333-8FDC-42A3-9474-1A3956D46DE8}") = "Despliegue", "Despliegue", "{53C11715-5D43-416C-B12D-207CC0BC10A0}"
EndProject
Project("{2150E333-8FDC-42A3-9474-1A3956D46DE8}") = "Ejemplo_02_0_database_MSSQL", "Ejemplo_02_0_database_MSSQL", "{76B4627C-C35D-4A9D-833B-2148177D8D60}"
	ProjectSection(SolutionItems) = preProject
		ASP.NET.BLAZOR.WEBAPP\Ejemplo_02\Ejemplo_02_0_database_MSSQL\docker_script.sql = ASP.NET.BLAZOR.WEBAPP\Ejemplo_02\Ejemplo_02_0_database_MSSQL\docker_script.sql
		ASP.NET.BLAZOR.WEBAPP\Ejemplo_02\Ejemplo_02_0_database_MSSQL\local_script.sql = ASP.NET.BLAZOR.WEBAPP\Ejemplo_02\Ejemplo_02_0_database_MSSQL\local_script.sql
		ASP.NET.BLAZOR.WEBAPP\Ejemplo_02\Ejemplo_02_0_database_MSSQL\somee_script.sql = ASP.NET.BLAZOR.WEBAPP\Ejemplo_02\Ejemplo_02_0_database_MSSQL\somee_script.sql
	EndProjectSection
EndProject
Project("{FAE04EC0-301F-11D3-BF4B-00C04F79EFBC}") = "Ejemplo_03_0_Login_Simple", "ASP.NET.BLAZOR.WEBAPP\Ejemplo_03\Ejemplo_03_0_Login_Simple\Ejemplo_03_0_Login_Simple.csproj", "{FB7F7D76-46DF-44E6-A696-70AA05E03979}"
EndProject
Project("{2150E333-8FDC-42A3-9474-1A3956D46DE8}") = "Ejemplo_03_0_database_MSSQL", "Ejemplo_03_0_database_MSSQL", "{FE44FCA1-1141-4743-8D40-F11BAA4245A9}"
	ProjectSection(SolutionItems) = preProject
		ASP.NET.BLAZOR.WEBAPP\Ejemplo_03\Ejemplo_03_0_database_MSSQL\docker_script.sql = ASP.NET.BLAZOR.WEBAPP\Ejemplo_03\Ejemplo_03_0_database_MSSQL\docker_script.sql
		ASP.NET.BLAZOR.WEBAPP\Ejemplo_03\Ejemplo_03_0_database_MSSQL\local_script.sql = ASP.NET.BLAZOR.WEBAPP\Ejemplo_03\Ejemplo_03_0_database_MSSQL\local_script.sql
		ASP.NET.BLAZOR.WEBAPP\Ejemplo_03\Ejemplo_03_0_database_MSSQL\somee_script.sql = ASP.NET.BLAZOR.WEBAPP\Ejemplo_03\Ejemplo_03_0_database_MSSQL\somee_script.sql
	EndProjectSection
EndProject
Project("{2150E333-8FDC-42A3-9474-1A3956D46DE8}") = "Ejemplo_03_0_Docker", "Ejemplo_03_0_Docker", "{1AC246FB-B70A-4592-9E93-296A578D0647}"
	ProjectSection(SolutionItems) = preProject
		ASP.NET.BLAZOR.WEBAPP\Ejemplo_03\Ejemplo_03_0_Docker\docker-compose.yml = ASP.NET.BLAZOR.WEBAPP\Ejemplo_03\Ejemplo_03_0_Docker\docker-compose.yml
		ASP.NET.BLAZOR.WEBAPP\Ejemplo_03\Ejemplo_03_0_Docker\Dockerfile.dotnet = ASP.NET.BLAZOR.WEBAPP\Ejemplo_03\Ejemplo_03_0_Docker\Dockerfile.dotnet
		ASP.NET.BLAZOR.WEBAPP\Ejemplo_03\Ejemplo_03_0_Docker\Dockerfile.mssql = ASP.NET.BLAZOR.WEBAPP\Ejemplo_03\Ejemplo_03_0_Docker\Dockerfile.mssql
	EndProjectSection
EndProject
Project("{2150E333-8FDC-42A3-9474-1A3956D46DE8}") = "Ejemplo_02_0_Docker", "Ejemplo_02_0_Docker", "{D6222AC0-A8CD-4800-87C2-EABD0C91182C}"
	ProjectSection(SolutionItems) = preProject
		ASP.NET.BLAZOR.WEBAPP\Ejemplo_02\Ejemplo_02_0_Docker\docker-compose.yml = ASP.NET.BLAZOR.WEBAPP\Ejemplo_02\Ejemplo_02_0_Docker\docker-compose.yml
		ASP.NET.BLAZOR.WEBAPP\Ejemplo_02\Ejemplo_02_0_Docker\Dockerfile.dotnet = ASP.NET.BLAZOR.WEBAPP\Ejemplo_02\Ejemplo_02_0_Docker\Dockerfile.dotnet
		ASP.NET.BLAZOR.WEBAPP\Ejemplo_02\Ejemplo_02_0_Docker\Dockerfile.mssql = ASP.NET.BLAZOR.WEBAPP\Ejemplo_02\Ejemplo_02_0_Docker\Dockerfile.mssql
	EndProjectSection
EndProject
Project("{2150E333-8FDC-42A3-9474-1A3956D46DE8}") = "Despliegue", "Despliegue", "{EF24CACC-F78F-42CD-B00F-FF4A6E93CC58}"
EndProject
Project("{2150E333-8FDC-42A3-9474-1A3956D46DE8}") = "Scripts", "Scripts", "{06B08BF3-3809-4184-B9E0-35BEF1CA1AAA}"
	ProjectSection(SolutionItems) = preProject
		ASP.NET.BLAZOR.WEBAPP\Ejemplo_03\Ejemplo_03_0_Docker\Scripts\create_dotnet_container.sh = ASP.NET.BLAZOR.WEBAPP\Ejemplo_03\Ejemplo_03_0_Docker\Scripts\create_dotnet_container.sh
		ASP.NET.BLAZOR.WEBAPP\Ejemplo_03\Ejemplo_03_0_Docker\Scripts\create_mssql_container.sh = ASP.NET.BLAZOR.WEBAPP\Ejemplo_03\Ejemplo_03_0_Docker\Scripts\create_mssql_container.sh
		ASP.NET.BLAZOR.WEBAPP\Ejemplo_03\Ejemplo_03_0_Docker\Scripts\stop.sh = ASP.NET.BLAZOR.WEBAPP\Ejemplo_03\Ejemplo_03_0_Docker\Scripts\stop.sh
	EndProjectSection
EndProject
Project("{2150E333-8FDC-42A3-9474-1A3956D46DE8}") = "Scripts", "Scripts", "{805C899D-9C49-412F-9BAB-E8317D48D8F1}"
	ProjectSection(SolutionItems) = preProject
		ASP.NET.BLAZOR.WEBAPP\Ejemplo_02\Ejemplo_02_0_Docker\Scripts\create_dotnet_container.sh = ASP.NET.BLAZOR.WEBAPP\Ejemplo_02\Ejemplo_02_0_Docker\Scripts\create_dotnet_container.sh
		ASP.NET.BLAZOR.WEBAPP\Ejemplo_02\Ejemplo_02_0_Docker\Scripts\create_mssql_container.sh = ASP.NET.BLAZOR.WEBAPP\Ejemplo_02\Ejemplo_02_0_Docker\Scripts\create_mssql_container.sh
		ASP.NET.BLAZOR.WEBAPP\Ejemplo_02\Ejemplo_02_0_Docker\Scripts\stop.sh = ASP.NET.BLAZOR.WEBAPP\Ejemplo_02\Ejemplo_02_0_Docker\Scripts\stop.sh
	EndProjectSection
EndProject
Project("{2150E333-8FDC-42A3-9474-1A3956D46DE8}") = "Docs", "Docs", "{411C73B5-13F9-4F38-B655-024C17821FFF}"
	ProjectSection(SolutionItems) = preProject
		Readme.md = Readme.md
	EndProjectSection
EndProject
Project("{2150E333-8FDC-42A3-9474-1A3956D46DE8}") = "02_EF.NET", "02_EF.NET", "{4371EF38-EE53-446D-89E3-20F8B29050C4}"
	ProjectSection(SolutionItems) = preProject
		EF.NET\Readme.md = EF.NET\Readme.md
	EndProjectSection
EndProject
Project("{FAE04EC0-301F-11D3-BF4B-00C04F79EFBC}") = "Ejemplo_04_0_Roles_Login", "ASP.NET.MVC\Ejemplo_04\Ejemplo_04_0_Roles_Login\Ejemplo_04_0_Roles_Login.csproj", "{6D661E61-5340-4968-800C-C2B75A1476AA}"
EndProject
Project("{2150E333-8FDC-42A3-9474-1A3956D46DE8}") = "08_MAUI_APP", "08_MAUI_APP", "{5EE701FC-7444-468B-9AEF-2C419FC836F1}"
EndProject
Project("{2150E333-8FDC-42A3-9474-1A3956D46DE8}") = "00_SQL-Server", "00_SQL-Server", "{7D8F43B2-F705-42A0-BD07-4B6939F07CF4}"
	ProjectSection(SolutionItems) = preProject
		SQL-Server\docker_script.sql = SQL-Server\docker_script.sql
		SQL-Server\local_script.sql = SQL-Server\local_script.sql
		SQL-Server\Readme.md = SQL-Server\Readme.md
		SQL-Server\somee_script.sql = SQL-Server\somee_script.sql
	EndProjectSection
EndProject
Project("{FAE04EC0-301F-11D3-BF4B-00C04F79EFBC}") = "Ejemplo_01_Personas", "EF.NET\Ejemplo_01_Personas\Ejemplo_01_Personas.csproj", "{FA73E7AC-A098-47D1-99FD-D0423DA0668C}"
EndProject
Project("{FAE04EC0-301F-11D3-BF4B-00C04F79EFBC}") = "Ejemplo_01", "MAUI\Ejemplo_01\Ejemplo_01.csproj", "{0945572A-F23E-4D83-A394-89A35578E0FD}"
EndProject
Project("{2150E333-8FDC-42A3-9474-1A3956D46DE8}") = "Ejemplo_09_siemple_template_html", "Ejemplo_09_siemple_template_html", "{FD76978C-D9F7-49FB-979C-02A88E40545B}"
	ProjectSection(SolutionItems) = preProject
		ASP.NET.BLAZOR.WEBAPP\Ejemplo_09_template_html\Readme.md = ASP.NET.BLAZOR.WEBAPP\Ejemplo_09_template_html\Readme.md
	EndProjectSection
EndProject
Project("{FAE04EC0-301F-11D3-BF4B-00C04F79EFBC}") = "Ejemplo_09_0_Template_HTML", "ASP.NET.BLAZOR.WEBAPP\Ejemplo_09_template_html\Ejemplo_09_0_Template_HTML\Ejemplo_09_0_Template_HTML.csproj", "{139AB886-D0E6-48A2-A48B-E5B9C5185FE7}"
EndProject
Project("{2150E333-8FDC-42A3-9474-1A3956D46DE8}") = "Servicios", "Servicios", "{3A503486-D83B-4362-BADC-75CA0A65C81C}"
EndProject
Project("{2150E333-8FDC-42A3-9474-1A3956D46DE8}") = "Despliegue", "Despliegue", "{F7CDC99C-E7D3-4FB6-84BE-AA94B1FD83AD}"
EndProject
Project("{2150E333-8FDC-42A3-9474-1A3956D46DE8}") = "Ejemplo_09_0_database_MSSQL", "Ejemplo_09_0_database_MSSQL", "{644A6EC9-729F-4746-A4B7-C91D9E5DAA26}"
	ProjectSection(SolutionItems) = preProject
		ASP.NET.BLAZOR.WEBAPP\Ejemplo_09_template_html\Ejemplo_09_0_database_MSSQL\docker_script.sql = ASP.NET.BLAZOR.WEBAPP\Ejemplo_09_template_html\Ejemplo_09_0_database_MSSQL\docker_script.sql
		ASP.NET.BLAZOR.WEBAPP\Ejemplo_09_template_html\Ejemplo_09_0_database_MSSQL\local_script.sql = ASP.NET.BLAZOR.WEBAPP\Ejemplo_09_template_html\Ejemplo_09_0_database_MSSQL\local_script.sql
		ASP.NET.BLAZOR.WEBAPP\Ejemplo_09_template_html\Ejemplo_09_0_database_MSSQL\somee_script.sql = ASP.NET.BLAZOR.WEBAPP\Ejemplo_09_template_html\Ejemplo_09_0_database_MSSQL\somee_script.sql
	EndProjectSection
EndProject
Project("{2150E333-8FDC-42A3-9474-1A3956D46DE8}") = "Ejemplo_09_0_Docker", "Ejemplo_09_0_Docker", "{C4A3F99C-994A-49E6-9AA3-47454E759DDE}"
	ProjectSection(SolutionItems) = preProject
		ASP.NET.BLAZOR.WEBAPP\Ejemplo_09_template_html\Ejemplo_09_0_Docker\docker-compose.yml = ASP.NET.BLAZOR.WEBAPP\Ejemplo_09_template_html\Ejemplo_09_0_Docker\docker-compose.yml
		ASP.NET.BLAZOR.WEBAPP\Ejemplo_09_template_html\Ejemplo_09_0_Docker\Dockerfile.dotnet = ASP.NET.BLAZOR.WEBAPP\Ejemplo_09_template_html\Ejemplo_09_0_Docker\Dockerfile.dotnet
		ASP.NET.BLAZOR.WEBAPP\Ejemplo_09_template_html\Ejemplo_09_0_Docker\Dockerfile.mssql = ASP.NET.BLAZOR.WEBAPP\Ejemplo_09_template_html\Ejemplo_09_0_Docker\Dockerfile.mssql
	EndProjectSection
EndProject
Project("{2150E333-8FDC-42A3-9474-1A3956D46DE8}") = "Scripts", "Scripts", "{E701527F-7102-44CB-B703-CB44D9E31995}"
	ProjectSection(SolutionItems) = preProject
		ASP.NET.BLAZOR.WEBAPP\Ejemplo_09_template_html\Ejemplo_09_0_Docker\Scripts\create_dotnet_container.sh = ASP.NET.BLAZOR.WEBAPP\Ejemplo_09_template_html\Ejemplo_09_0_Docker\Scripts\create_dotnet_container.sh
		ASP.NET.BLAZOR.WEBAPP\Ejemplo_09_template_html\Ejemplo_09_0_Docker\Scripts\create_mssql_container.sh = ASP.NET.BLAZOR.WEBAPP\Ejemplo_09_template_html\Ejemplo_09_0_Docker\Scripts\create_mssql_container.sh
		ASP.NET.BLAZOR.WEBAPP\Ejemplo_09_template_html\Ejemplo_09_0_Docker\Scripts\stop.sh = ASP.NET.BLAZOR.WEBAPP\Ejemplo_09_template_html\Ejemplo_09_0_Docker\Scripts\stop.sh
	EndProjectSection
EndProject
Project("{2150E333-8FDC-42A3-9474-1A3956D46DE8}") = "Scripts", "Scripts", "{642C2DDE-E6D5-45C3-ABBD-B61A68FC08B9}"
	ProjectSection(SolutionItems) = preProject
		ASP.NET.BLAZOR.WEBAPP\Ejemplo_01\Ejemplo_01_0_Docker\Scripts\create_dotnet_container.sh = ASP.NET.BLAZOR.WEBAPP\Ejemplo_01\Ejemplo_01_0_Docker\Scripts\create_dotnet_container.sh
		ASP.NET.BLAZOR.WEBAPP\Ejemplo_01\Ejemplo_01_0_Docker\Scripts\create_mssql_container.sh = ASP.NET.BLAZOR.WEBAPP\Ejemplo_01\Ejemplo_01_0_Docker\Scripts\create_mssql_container.sh
		ASP.NET.BLAZOR.WEBAPP\Ejemplo_01\Ejemplo_01_0_Docker\Scripts\stop.sh = ASP.NET.BLAZOR.WEBAPP\Ejemplo_01\Ejemplo_01_0_Docker\Scripts\stop.sh
	EndProjectSection
EndProject
Project("{2150E333-8FDC-42A3-9474-1A3956D46DE8}") = "Ejemplo_05_areas_templates", "Ejemplo_05_areas_templates", "{8E73760D-8ED1-49F3-8710-E2CF2D0E88B6}"
	ProjectSection(SolutionItems) = preProject
		ASP.NET.BLAZOR.WEBAPP\Ejemplo_05\Readme.md = ASP.NET.BLAZOR.WEBAPP\Ejemplo_05\Readme.md
	EndProjectSection
EndProject
Project("{2150E333-8FDC-42A3-9474-1A3956D46DE8}") = "Servicios", "Servicios", "{6148ADFD-674F-4894-B08E-EB6C0BCE4529}"
EndProject
Project("{FAE04EC0-301F-11D3-BF4B-00C04F79EFBC}") = "Ejemplo_05_0_Areas", "ASP.NET.BLAZOR.WEBAPP\Ejemplo_05\Ejemplo_05_0_Areas\Ejemplo_05_0_Areas.csproj", "{EE09D51E-31D2-4A73-AC24-E53A7E11C0E9}"
EndProject
Project("{2150E333-8FDC-42A3-9474-1A3956D46DE8}") = "Despliegue", "Despliegue", "{24276036-8E67-48EC-A74D-9559D6874762}"
EndProject
Project("{2150E333-8FDC-42A3-9474-1A3956D46DE8}") = "Ejemplo_05_0_database_MSSQL", "Ejemplo_05_0_database_MSSQL", "{11F319C4-40CD-433A-8FC1-2FDC4010C1CD}"
	ProjectSection(SolutionItems) = preProject
		ASP.NET.BLAZOR.WEBAPP\Ejemplo_05\Ejemplo_05_0_database_MSSQL\docker_script.sql = ASP.NET.BLAZOR.WEBAPP\Ejemplo_05\Ejemplo_05_0_database_MSSQL\docker_script.sql
		ASP.NET.BLAZOR.WEBAPP\Ejemplo_05\Ejemplo_05_0_database_MSSQL\local_script.sql = ASP.NET.BLAZOR.WEBAPP\Ejemplo_05\Ejemplo_05_0_database_MSSQL\local_script.sql
		ASP.NET.BLAZOR.WEBAPP\Ejemplo_05\Ejemplo_05_0_database_MSSQL\somee_script.sql = ASP.NET.BLAZOR.WEBAPP\Ejemplo_05\Ejemplo_05_0_database_MSSQL\somee_script.sql
	EndProjectSection
EndProject
Project("{2150E333-8FDC-42A3-9474-1A3956D46DE8}") = "Ejemplo_05_0_Docker", "Ejemplo_05_0_Docker", "{AE956241-3975-4574-B1E9-460AD94133B4}"
EndProject
Project("{2150E333-8FDC-42A3-9474-1A3956D46DE8}") = "Ejemplo_05_0_Somee", "Ejemplo_05_0_Somee", "{209A9F88-1318-41A4-899F-4FA6CA2FD597}"
EndProject
Project("{FAE04EC0-301F-11D3-BF4B-00C04F79EFBC}") = "Ejemplo_02_Mapas", "ASP.NET.STATIC_FILE\Ejemplo_02\Ejemplo_02_Mapas\Ejemplo_02_Mapas.csproj", "{398F76F6-976D-494A-9E41-A588E1ED39D9}"
EndProject
Project("{FAE04EC0-301F-11D3-BF4B-00C04F79EFBC}") = "Ejemplo_02_0_CRUD_RestAPI_Simple", "ASP.NET.MVC\Ejemplo_02\Ejemplo_02_0_CRUD_RestAPI_Simple\Ejemplo_02_0_CRUD_RestAPI_Simple.csproj", "{9DBEACD3-3926-4E77-9449-21AF14466CF7}"
EndProject
Project("{2150E333-8FDC-42A3-9474-1A3956D46DE8}") = "10_caso_de_estudio", "10_caso_de_estudio", "{71465C4C-AEC8-4456-9996-B34DF995AF4A}"
EndProject
Project("{FAE04EC0-301F-11D3-BF4B-00C04F79EFBC}") = "Encuesta.Web", "ENCUESTA\Encuesta.Web\Encuesta.Web\Encuesta.Web.csproj", "{C96F1A75-D3EC-42F3-A13E-DA19A32851B8}"
EndProject
Project("{2150E333-8FDC-42A3-9474-1A3956D46DE8}") = "encuesta", "encuesta", "{EFCF1C3C-55D8-4ADC-809F-13722CFE7F16}"
	ProjectSection(SolutionItems) = preProject
		ENCUESTA\Readme.md = ENCUESTA\Readme.md
	EndProjectSection
EndProject
Project("{2150E333-8FDC-42A3-9474-1A3956D46DE8}") = "database_MSSQL", "database_MSSQL", "{26E8370F-2AF0-42B2-AEB2-99FFD2DBCF3B}"
	ProjectSection(SolutionItems) = preProject
		ENCUESTA\database_MSSQL\docker_script.sql = ENCUESTA\database_MSSQL\docker_script.sql
		ENCUESTA\database_MSSQL\local_script.sql = ENCUESTA\database_MSSQL\local_script.sql
		ENCUESTA\database_MSSQL\somee_script.sql = ENCUESTA\database_MSSQL\somee_script.sql
	EndProjectSection
EndProject
Project("{2150E333-8FDC-42A3-9474-1A3956D46DE8}") = "Docker", "Docker", "{87DE6A56-0E6D-4FA3-823D-0A98370F6A5D}"
	ProjectSection(SolutionItems) = preProject
		ENCUESTA\Docker\docker-compose.yml = ENCUESTA\Docker\docker-compose.yml
		ENCUESTA\Docker\Dockerfile.dotnet = ENCUESTA\Docker\Dockerfile.dotnet
		ENCUESTA\Docker\Dockerfile.mssql = ENCUESTA\Docker\Dockerfile.mssql
	EndProjectSection
EndProject
Project("{2150E333-8FDC-42A3-9474-1A3956D46DE8}") = "Script", "Script", "{D2C572E7-DE21-4E96-8E28-241036D1F16F}"
	ProjectSection(SolutionItems) = preProject
		ENCUESTA\Docker\Scripts\create_dotnet_container.sh = ENCUESTA\Docker\Scripts\create_dotnet_container.sh
		ENCUESTA\Docker\Scripts\create_mssql_container.sh = ENCUESTA\Docker\Scripts\create_mssql_container.sh
		ENCUESTA\Docker\Scripts\stop.sh = ENCUESTA\Docker\Scripts\stop.sh
	EndProjectSection
EndProject
Project("{FAE04EC0-301F-11D3-BF4B-00C04F79EFBC}") = "Ejemplo_03_maui_blazor", "MAUI\Ejemplo_03_maui_blazor\Ejemplo_03_maui_blazor.csproj", "{58FBECA3-18E6-48B1-A048-AB2222CD44E0}"
EndProject
Project("{FAE04EC0-301F-11D3-BF4B-00C04F79EFBC}") = "Ejemplo_02_mvc_db", "MAUI\Ejemplo_02_mvc_db\Ejemplo_02_mvc_db.csproj", "{8F091FF2-3366-41F6-AD2F-AE0ABC6570A6}"
EndProject
Project("{2150E333-8FDC-42A3-9474-1A3956D46DE8}") = "01_SQL_Server", "01_SQL_Server", "{5B2357FA-9BBB-48FF-A8C5-DBAA5A148820}"
EndProject
Project("{2150E333-8FDC-42A3-9474-1A3956D46DE8}") = "02_Embedded", "02_Embedded", "{FC077DE4-E6DF-40E1-AA69-9BA31CDC9AAA}"
EndProject
Project("{FAE04EC0-301F-11D3-BF4B-00C04F79EFBC}") = "Ejemplo_02_Personas", "EF.NET\Ejemplo_02_Personas\Ejemplo_02_Personas.csproj", "{A4260498-C637-44BD-9127-3711F6C55237}"
EndProject
Project("{2150E333-8FDC-42A3-9474-1A3956D46DE8}") = "Ejemplos_04_DAOs_transacciones", "Ejemplos_04_DAOs_transacciones", "{2A9008E5-7371-4276-A148-B898EF8F8218}"
EndProject
Project("{FAE04EC0-301F-11D3-BF4B-00C04F79EFBC}") = "Ejemplo_14_Transacciones", "ADO.NET\Ejemplo_14_Transacciones\Ejemplo_14_Transacciones.csproj", "{42491090-A440-41A1-895A-1E22CA011697}"
EndProject
Project("{FAE04EC0-301F-11D3-BF4B-00C04F79EFBC}") = "Ejemplo_08_Transacciones", "ADO.NET\Ejemplo_08_Transacciones\Ejemplo_08_Transacciones.csproj", "{5240AE21-F20B-4B9A-899B-4054F99A5D7E}"
EndProject
Global
	GlobalSection(SolutionConfigurationPlatforms) = preSolution
		Debug|Any CPU = Debug|Any CPU
		Release|Any CPU = Release|Any CPU
	EndGlobalSection
	GlobalSection(ProjectConfigurationPlatforms) = postSolution
		{BDFE69BB-BF6B-41C6-8E32-E6419038A822}.Debug|Any CPU.ActiveCfg = Debug|Any CPU
		{BDFE69BB-BF6B-41C6-8E32-E6419038A822}.Debug|Any CPU.Build.0 = Debug|Any CPU
		{BDFE69BB-BF6B-41C6-8E32-E6419038A822}.Release|Any CPU.ActiveCfg = Release|Any CPU
		{BDFE69BB-BF6B-41C6-8E32-E6419038A822}.Release|Any CPU.Build.0 = Release|Any CPU
		{9B28BF29-666F-412B-B902-1E43A9DEA4E4}.Debug|Any CPU.ActiveCfg = Debug|Any CPU
		{9B28BF29-666F-412B-B902-1E43A9DEA4E4}.Debug|Any CPU.Build.0 = Debug|Any CPU
		{9B28BF29-666F-412B-B902-1E43A9DEA4E4}.Release|Any CPU.ActiveCfg = Release|Any CPU
		{9B28BF29-666F-412B-B902-1E43A9DEA4E4}.Release|Any CPU.Build.0 = Release|Any CPU
		{8EDD9D31-93EC-4262-8712-FFA91939CDB8}.Debug|Any CPU.ActiveCfg = Debug|Any CPU
		{8EDD9D31-93EC-4262-8712-FFA91939CDB8}.Debug|Any CPU.Build.0 = Debug|Any CPU
		{8EDD9D31-93EC-4262-8712-FFA91939CDB8}.Release|Any CPU.ActiveCfg = Release|Any CPU
		{8EDD9D31-93EC-4262-8712-FFA91939CDB8}.Release|Any CPU.Build.0 = Release|Any CPU
		{96805640-91B5-434F-B578-E2A8C60F5DBF}.Debug|Any CPU.ActiveCfg = Debug|Any CPU
		{96805640-91B5-434F-B578-E2A8C60F5DBF}.Debug|Any CPU.Build.0 = Debug|Any CPU
		{96805640-91B5-434F-B578-E2A8C60F5DBF}.Release|Any CPU.ActiveCfg = Release|Any CPU
		{96805640-91B5-434F-B578-E2A8C60F5DBF}.Release|Any CPU.Build.0 = Release|Any CPU
		{AF5F840A-1AE8-482D-AAB5-57C27F1C27B2}.Debug|Any CPU.ActiveCfg = Debug|Any CPU
		{AF5F840A-1AE8-482D-AAB5-57C27F1C27B2}.Debug|Any CPU.Build.0 = Debug|Any CPU
		{AF5F840A-1AE8-482D-AAB5-57C27F1C27B2}.Release|Any CPU.ActiveCfg = Release|Any CPU
		{AF5F840A-1AE8-482D-AAB5-57C27F1C27B2}.Release|Any CPU.Build.0 = Release|Any CPU
		{C8FBF9B4-13E3-43DD-9D20-568676B1CC7C}.Debug|Any CPU.ActiveCfg = Debug|Any CPU
		{C8FBF9B4-13E3-43DD-9D20-568676B1CC7C}.Debug|Any CPU.Build.0 = Debug|Any CPU
		{C8FBF9B4-13E3-43DD-9D20-568676B1CC7C}.Release|Any CPU.ActiveCfg = Release|Any CPU
		{C8FBF9B4-13E3-43DD-9D20-568676B1CC7C}.Release|Any CPU.Build.0 = Release|Any CPU
		{656D64E4-E622-4DE6-B908-C6957D8FE2EE}.Debug|Any CPU.ActiveCfg = Debug|Any CPU
		{656D64E4-E622-4DE6-B908-C6957D8FE2EE}.Debug|Any CPU.Build.0 = Debug|Any CPU
		{656D64E4-E622-4DE6-B908-C6957D8FE2EE}.Release|Any CPU.ActiveCfg = Release|Any CPU
		{656D64E4-E622-4DE6-B908-C6957D8FE2EE}.Release|Any CPU.Build.0 = Release|Any CPU
		{95225434-9AB7-4C85-8206-81AAE7C38038}.Debug|Any CPU.ActiveCfg = Debug|Any CPU
		{95225434-9AB7-4C85-8206-81AAE7C38038}.Debug|Any CPU.Build.0 = Debug|Any CPU
		{95225434-9AB7-4C85-8206-81AAE7C38038}.Release|Any CPU.ActiveCfg = Release|Any CPU
		{95225434-9AB7-4C85-8206-81AAE7C38038}.Release|Any CPU.Build.0 = Release|Any CPU
		{3A50A03B-C23C-4DEB-802B-0E4EB5BD3547}.Debug|Any CPU.ActiveCfg = Debug|Any CPU
		{3A50A03B-C23C-4DEB-802B-0E4EB5BD3547}.Debug|Any CPU.Build.0 = Debug|Any CPU
		{3A50A03B-C23C-4DEB-802B-0E4EB5BD3547}.Release|Any CPU.ActiveCfg = Release|Any CPU
		{3A50A03B-C23C-4DEB-802B-0E4EB5BD3547}.Release|Any CPU.Build.0 = Release|Any CPU
		{C682FC96-880B-40E9-9C4E-B8B6E0C81294}.Debug|Any CPU.ActiveCfg = Debug|Any CPU
		{C682FC96-880B-40E9-9C4E-B8B6E0C81294}.Debug|Any CPU.Build.0 = Debug|Any CPU
		{C682FC96-880B-40E9-9C4E-B8B6E0C81294}.Release|Any CPU.ActiveCfg = Release|Any CPU
		{C682FC96-880B-40E9-9C4E-B8B6E0C81294}.Release|Any CPU.Build.0 = Release|Any CPU
		{D47E0965-7528-47AA-AC05-313FA88A55C1}.Debug|Any CPU.ActiveCfg = Debug|Any CPU
		{D47E0965-7528-47AA-AC05-313FA88A55C1}.Debug|Any CPU.Build.0 = Debug|Any CPU
		{D47E0965-7528-47AA-AC05-313FA88A55C1}.Release|Any CPU.ActiveCfg = Release|Any CPU
		{D47E0965-7528-47AA-AC05-313FA88A55C1}.Release|Any CPU.Build.0 = Release|Any CPU
		{7DBD313F-590B-4FE7-9630-760A613C8C46}.Debug|Any CPU.ActiveCfg = Debug|Any CPU
		{7DBD313F-590B-4FE7-9630-760A613C8C46}.Debug|Any CPU.Build.0 = Debug|Any CPU
		{7DBD313F-590B-4FE7-9630-760A613C8C46}.Release|Any CPU.ActiveCfg = Release|Any CPU
		{7DBD313F-590B-4FE7-9630-760A613C8C46}.Release|Any CPU.Build.0 = Release|Any CPU
		{CA788C18-231D-408B-B0CB-1345AAEF8A48}.Debug|Any CPU.ActiveCfg = Debug|Any CPU
		{CA788C18-231D-408B-B0CB-1345AAEF8A48}.Debug|Any CPU.Build.0 = Debug|Any CPU
		{CA788C18-231D-408B-B0CB-1345AAEF8A48}.Release|Any CPU.ActiveCfg = Release|Any CPU
		{CA788C18-231D-408B-B0CB-1345AAEF8A48}.Release|Any CPU.Build.0 = Release|Any CPU
		{72EB44B1-C2FC-4E92-8A9D-8295A13426AC}.Debug|Any CPU.ActiveCfg = Debug|Any CPU
		{72EB44B1-C2FC-4E92-8A9D-8295A13426AC}.Debug|Any CPU.Build.0 = Debug|Any CPU
		{72EB44B1-C2FC-4E92-8A9D-8295A13426AC}.Release|Any CPU.ActiveCfg = Release|Any CPU
		{72EB44B1-C2FC-4E92-8A9D-8295A13426AC}.Release|Any CPU.Build.0 = Release|Any CPU
		{B14AA4C8-F963-4379-9C23-FD95896EBA13}.Debug|Any CPU.ActiveCfg = Debug|Any CPU
		{B14AA4C8-F963-4379-9C23-FD95896EBA13}.Debug|Any CPU.Build.0 = Debug|Any CPU
		{B14AA4C8-F963-4379-9C23-FD95896EBA13}.Release|Any CPU.ActiveCfg = Release|Any CPU
		{B14AA4C8-F963-4379-9C23-FD95896EBA13}.Release|Any CPU.Build.0 = Release|Any CPU
		{2B9A3433-F023-475B-A717-200551D558ED}.Debug|Any CPU.ActiveCfg = Debug|Any CPU
		{2B9A3433-F023-475B-A717-200551D558ED}.Debug|Any CPU.Build.0 = Debug|Any CPU
		{2B9A3433-F023-475B-A717-200551D558ED}.Release|Any CPU.ActiveCfg = Release|Any CPU
		{2B9A3433-F023-475B-A717-200551D558ED}.Release|Any CPU.Build.0 = Release|Any CPU
		{C57CB13E-C2BC-4340-B395-6C81D3FDA22B}.Debug|Any CPU.ActiveCfg = Debug|Any CPU
		{C57CB13E-C2BC-4340-B395-6C81D3FDA22B}.Debug|Any CPU.Build.0 = Debug|Any CPU
		{C57CB13E-C2BC-4340-B395-6C81D3FDA22B}.Release|Any CPU.ActiveCfg = Release|Any CPU
		{C57CB13E-C2BC-4340-B395-6C81D3FDA22B}.Release|Any CPU.Build.0 = Release|Any CPU
		{6F3E343F-A419-46FD-AE2B-413A59F66D46}.Debug|Any CPU.ActiveCfg = Debug|Any CPU
		{6F3E343F-A419-46FD-AE2B-413A59F66D46}.Debug|Any CPU.Build.0 = Debug|Any CPU
		{6F3E343F-A419-46FD-AE2B-413A59F66D46}.Release|Any CPU.ActiveCfg = Release|Any CPU
		{6F3E343F-A419-46FD-AE2B-413A59F66D46}.Release|Any CPU.Build.0 = Release|Any CPU
		{41A6E8E1-41DC-4158-BF06-D872D327B4A7}.Debug|Any CPU.ActiveCfg = Debug|Any CPU
		{41A6E8E1-41DC-4158-BF06-D872D327B4A7}.Debug|Any CPU.Build.0 = Debug|Any CPU
		{41A6E8E1-41DC-4158-BF06-D872D327B4A7}.Release|Any CPU.ActiveCfg = Release|Any CPU
		{41A6E8E1-41DC-4158-BF06-D872D327B4A7}.Release|Any CPU.Build.0 = Release|Any CPU
		{F9EFCCB9-7E02-4ACE-98ED-2FC396FDAE83}.Debug|Any CPU.ActiveCfg = Debug|Any CPU
		{F9EFCCB9-7E02-4ACE-98ED-2FC396FDAE83}.Debug|Any CPU.Build.0 = Debug|Any CPU
		{F9EFCCB9-7E02-4ACE-98ED-2FC396FDAE83}.Release|Any CPU.ActiveCfg = Release|Any CPU
		{F9EFCCB9-7E02-4ACE-98ED-2FC396FDAE83}.Release|Any CPU.Build.0 = Release|Any CPU
		{217ED486-B591-4728-941D-19BFAF838FD6}.Debug|Any CPU.ActiveCfg = Debug|Any CPU
		{217ED486-B591-4728-941D-19BFAF838FD6}.Debug|Any CPU.Build.0 = Debug|Any CPU
		{217ED486-B591-4728-941D-19BFAF838FD6}.Release|Any CPU.ActiveCfg = Release|Any CPU
		{217ED486-B591-4728-941D-19BFAF838FD6}.Release|Any CPU.Build.0 = Release|Any CPU
		{B9F7A9DF-9F23-419B-B8DE-3B21F516D30E}.Debug|Any CPU.ActiveCfg = Debug|Any CPU
		{B9F7A9DF-9F23-419B-B8DE-3B21F516D30E}.Debug|Any CPU.Build.0 = Debug|Any CPU
		{B9F7A9DF-9F23-419B-B8DE-3B21F516D30E}.Release|Any CPU.ActiveCfg = Release|Any CPU
		{B9F7A9DF-9F23-419B-B8DE-3B21F516D30E}.Release|Any CPU.Build.0 = Release|Any CPU
		{C54DD1DF-4915-4E6B-B5C9-FCA175B66C08}.Debug|Any CPU.ActiveCfg = Debug|Any CPU
		{C54DD1DF-4915-4E6B-B5C9-FCA175B66C08}.Debug|Any CPU.Build.0 = Debug|Any CPU
		{C54DD1DF-4915-4E6B-B5C9-FCA175B66C08}.Release|Any CPU.ActiveCfg = Release|Any CPU
		{C54DD1DF-4915-4E6B-B5C9-FCA175B66C08}.Release|Any CPU.Build.0 = Release|Any CPU
		{6AC954AA-8A4F-4A6D-B479-C50BF65B691D}.Debug|Any CPU.ActiveCfg = Debug|Any CPU
		{6AC954AA-8A4F-4A6D-B479-C50BF65B691D}.Debug|Any CPU.Build.0 = Debug|Any CPU
		{6AC954AA-8A4F-4A6D-B479-C50BF65B691D}.Release|Any CPU.ActiveCfg = Release|Any CPU
		{6AC954AA-8A4F-4A6D-B479-C50BF65B691D}.Release|Any CPU.Build.0 = Release|Any CPU
		{712480F7-1672-48CE-8048-C51020BF8A0F}.Debug|Any CPU.ActiveCfg = Debug|Any CPU
		{712480F7-1672-48CE-8048-C51020BF8A0F}.Debug|Any CPU.Build.0 = Debug|Any CPU
		{712480F7-1672-48CE-8048-C51020BF8A0F}.Release|Any CPU.ActiveCfg = Release|Any CPU
		{712480F7-1672-48CE-8048-C51020BF8A0F}.Release|Any CPU.Build.0 = Release|Any CPU
		{02981F8D-F67F-42F9-A3B6-F844FE1539F3}.Debug|Any CPU.ActiveCfg = Debug|Any CPU
		{02981F8D-F67F-42F9-A3B6-F844FE1539F3}.Debug|Any CPU.Build.0 = Debug|Any CPU
		{02981F8D-F67F-42F9-A3B6-F844FE1539F3}.Release|Any CPU.ActiveCfg = Release|Any CPU
		{02981F8D-F67F-42F9-A3B6-F844FE1539F3}.Release|Any CPU.Build.0 = Release|Any CPU
		{2FB30683-E0DC-4B38-8359-A17A00ECE68D}.Debug|Any CPU.ActiveCfg = Debug|Any CPU
		{2FB30683-E0DC-4B38-8359-A17A00ECE68D}.Debug|Any CPU.Build.0 = Debug|Any CPU
		{2FB30683-E0DC-4B38-8359-A17A00ECE68D}.Release|Any CPU.ActiveCfg = Release|Any CPU
		{2FB30683-E0DC-4B38-8359-A17A00ECE68D}.Release|Any CPU.Build.0 = Release|Any CPU
		{FB7F7D76-46DF-44E6-A696-70AA05E03979}.Debug|Any CPU.ActiveCfg = Debug|Any CPU
		{FB7F7D76-46DF-44E6-A696-70AA05E03979}.Debug|Any CPU.Build.0 = Debug|Any CPU
		{FB7F7D76-46DF-44E6-A696-70AA05E03979}.Release|Any CPU.ActiveCfg = Release|Any CPU
		{FB7F7D76-46DF-44E6-A696-70AA05E03979}.Release|Any CPU.Build.0 = Release|Any CPU
		{6D661E61-5340-4968-800C-C2B75A1476AA}.Debug|Any CPU.ActiveCfg = Debug|Any CPU
		{6D661E61-5340-4968-800C-C2B75A1476AA}.Debug|Any CPU.Build.0 = Debug|Any CPU
		{6D661E61-5340-4968-800C-C2B75A1476AA}.Release|Any CPU.ActiveCfg = Release|Any CPU
		{6D661E61-5340-4968-800C-C2B75A1476AA}.Release|Any CPU.Build.0 = Release|Any CPU
		{FA73E7AC-A098-47D1-99FD-D0423DA0668C}.Debug|Any CPU.ActiveCfg = Debug|Any CPU
		{FA73E7AC-A098-47D1-99FD-D0423DA0668C}.Debug|Any CPU.Build.0 = Debug|Any CPU
		{FA73E7AC-A098-47D1-99FD-D0423DA0668C}.Release|Any CPU.ActiveCfg = Release|Any CPU
		{FA73E7AC-A098-47D1-99FD-D0423DA0668C}.Release|Any CPU.Build.0 = Release|Any CPU
		{0945572A-F23E-4D83-A394-89A35578E0FD}.Debug|Any CPU.ActiveCfg = Debug|Any CPU
		{0945572A-F23E-4D83-A394-89A35578E0FD}.Debug|Any CPU.Build.0 = Debug|Any CPU
		{0945572A-F23E-4D83-A394-89A35578E0FD}.Debug|Any CPU.Deploy.0 = Debug|Any CPU
		{0945572A-F23E-4D83-A394-89A35578E0FD}.Release|Any CPU.ActiveCfg = Release|Any CPU
		{0945572A-F23E-4D83-A394-89A35578E0FD}.Release|Any CPU.Build.0 = Release|Any CPU
		{0945572A-F23E-4D83-A394-89A35578E0FD}.Release|Any CPU.Deploy.0 = Release|Any CPU
		{139AB886-D0E6-48A2-A48B-E5B9C5185FE7}.Debug|Any CPU.ActiveCfg = Debug|Any CPU
		{139AB886-D0E6-48A2-A48B-E5B9C5185FE7}.Debug|Any CPU.Build.0 = Debug|Any CPU
		{139AB886-D0E6-48A2-A48B-E5B9C5185FE7}.Release|Any CPU.ActiveCfg = Release|Any CPU
		{139AB886-D0E6-48A2-A48B-E5B9C5185FE7}.Release|Any CPU.Build.0 = Release|Any CPU
		{EE09D51E-31D2-4A73-AC24-E53A7E11C0E9}.Debug|Any CPU.ActiveCfg = Debug|Any CPU
		{EE09D51E-31D2-4A73-AC24-E53A7E11C0E9}.Debug|Any CPU.Build.0 = Debug|Any CPU
		{EE09D51E-31D2-4A73-AC24-E53A7E11C0E9}.Release|Any CPU.ActiveCfg = Release|Any CPU
		{EE09D51E-31D2-4A73-AC24-E53A7E11C0E9}.Release|Any CPU.Build.0 = Release|Any CPU
		{398F76F6-976D-494A-9E41-A588E1ED39D9}.Debug|Any CPU.ActiveCfg = Debug|Any CPU
		{398F76F6-976D-494A-9E41-A588E1ED39D9}.Debug|Any CPU.Build.0 = Debug|Any CPU
		{398F76F6-976D-494A-9E41-A588E1ED39D9}.Release|Any CPU.ActiveCfg = Release|Any CPU
		{398F76F6-976D-494A-9E41-A588E1ED39D9}.Release|Any CPU.Build.0 = Release|Any CPU
		{9DBEACD3-3926-4E77-9449-21AF14466CF7}.Debug|Any CPU.ActiveCfg = Debug|Any CPU
		{9DBEACD3-3926-4E77-9449-21AF14466CF7}.Debug|Any CPU.Build.0 = Debug|Any CPU
		{9DBEACD3-3926-4E77-9449-21AF14466CF7}.Release|Any CPU.ActiveCfg = Release|Any CPU
		{9DBEACD3-3926-4E77-9449-21AF14466CF7}.Release|Any CPU.Build.0 = Release|Any CPU
		{C96F1A75-D3EC-42F3-A13E-DA19A32851B8}.Debug|Any CPU.ActiveCfg = Debug|Any CPU
		{C96F1A75-D3EC-42F3-A13E-DA19A32851B8}.Debug|Any CPU.Build.0 = Debug|Any CPU
		{C96F1A75-D3EC-42F3-A13E-DA19A32851B8}.Release|Any CPU.ActiveCfg = Release|Any CPU
		{C96F1A75-D3EC-42F3-A13E-DA19A32851B8}.Release|Any CPU.Build.0 = Release|Any CPU
		{58FBECA3-18E6-48B1-A048-AB2222CD44E0}.Debug|Any CPU.ActiveCfg = Debug|Any CPU
		{58FBECA3-18E6-48B1-A048-AB2222CD44E0}.Debug|Any CPU.Build.0 = Debug|Any CPU
		{58FBECA3-18E6-48B1-A048-AB2222CD44E0}.Debug|Any CPU.Deploy.0 = Debug|Any CPU
		{58FBECA3-18E6-48B1-A048-AB2222CD44E0}.Release|Any CPU.ActiveCfg = Release|Any CPU
		{58FBECA3-18E6-48B1-A048-AB2222CD44E0}.Release|Any CPU.Build.0 = Release|Any CPU
		{58FBECA3-18E6-48B1-A048-AB2222CD44E0}.Release|Any CPU.Deploy.0 = Release|Any CPU
		{8F091FF2-3366-41F6-AD2F-AE0ABC6570A6}.Debug|Any CPU.ActiveCfg = Debug|Any CPU
		{8F091FF2-3366-41F6-AD2F-AE0ABC6570A6}.Debug|Any CPU.Build.0 = Debug|Any CPU
		{8F091FF2-3366-41F6-AD2F-AE0ABC6570A6}.Debug|Any CPU.Deploy.0 = Debug|Any CPU
		{8F091FF2-3366-41F6-AD2F-AE0ABC6570A6}.Release|Any CPU.ActiveCfg = Release|Any CPU
		{8F091FF2-3366-41F6-AD2F-AE0ABC6570A6}.Release|Any CPU.Build.0 = Release|Any CPU
		{8F091FF2-3366-41F6-AD2F-AE0ABC6570A6}.Release|Any CPU.Deploy.0 = Release|Any CPU
		{A4260498-C637-44BD-9127-3711F6C55237}.Debug|Any CPU.ActiveCfg = Debug|Any CPU
		{A4260498-C637-44BD-9127-3711F6C55237}.Debug|Any CPU.Build.0 = Debug|Any CPU
		{A4260498-C637-44BD-9127-3711F6C55237}.Release|Any CPU.ActiveCfg = Release|Any CPU
		{A4260498-C637-44BD-9127-3711F6C55237}.Release|Any CPU.Build.0 = Release|Any CPU
		{42491090-A440-41A1-895A-1E22CA011697}.Debug|Any CPU.ActiveCfg = Debug|Any CPU
		{42491090-A440-41A1-895A-1E22CA011697}.Debug|Any CPU.Build.0 = Debug|Any CPU
		{42491090-A440-41A1-895A-1E22CA011697}.Release|Any CPU.ActiveCfg = Release|Any CPU
		{42491090-A440-41A1-895A-1E22CA011697}.Release|Any CPU.Build.0 = Release|Any CPU
		{5240AE21-F20B-4B9A-899B-4054F99A5D7E}.Debug|Any CPU.ActiveCfg = Debug|Any CPU
		{5240AE21-F20B-4B9A-899B-4054F99A5D7E}.Debug|Any CPU.Build.0 = Debug|Any CPU
		{5240AE21-F20B-4B9A-899B-4054F99A5D7E}.Release|Any CPU.ActiveCfg = Release|Any CPU
		{5240AE21-F20B-4B9A-899B-4054F99A5D7E}.Release|Any CPU.Build.0 = Release|Any CPU
	EndGlobalSection
	GlobalSection(SolutionProperties) = preSolution
		HideSolutionNode = FALSE
	EndGlobalSection
	GlobalSection(NestedProjects) = preSolution
		{BDFE69BB-BF6B-41C6-8E32-E6419038A822} = {CF97E0FF-B32F-4365-B39C-83151146C088}
		{FB405D92-29D5-4EFC-94A0-C30232C1CC66} = {48839DB8-A9E1-41B7-AE4B-4BD224294CEC}
		{BA240214-C2ED-4EF2-A9EB-EBE73D79884B} = {48839DB8-A9E1-41B7-AE4B-4BD224294CEC}
		{76FE814D-7DFB-433D-935B-0C16D8EF88A9} = {E011D733-6B01-4E6B-AE1D-31A9A48C139F}
		{114BF462-C16A-4786-B800-30F152856328} = {E011D733-6B01-4E6B-AE1D-31A9A48C139F}
		{9B28BF29-666F-412B-B902-1E43A9DEA4E4} = {5A1557C7-DB99-498D-9B3B-1D00AB8E85F3}
		{8B96E855-64EB-4BD5-8FC5-D9DBE74AAF7C} = {CCE06902-555D-4DE1-BF78-1FD65B619E46}
		{4C7F35A2-60D6-408B-A04F-0818ABDD0BAD} = {CCE06902-555D-4DE1-BF78-1FD65B619E46}
		{8EDD9D31-93EC-4262-8712-FFA91939CDB8} = {7C92D0D0-D57D-490C-B84E-0EEE86D64AAD}
		{F249BA92-9F27-46EC-BCB9-3AA011F1AC80} = {7931F833-6B64-460E-975A-A42042391EB4}
		{14C46B57-0F6E-461C-A36E-A8B1CA61B170} = {7931F833-6B64-460E-975A-A42042391EB4}
		{96805640-91B5-434F-B578-E2A8C60F5DBF} = {AA195E37-92B2-4D8E-99AA-70EFD511FF39}
		{AF5F840A-1AE8-482D-AAB5-57C27F1C27B2} = {3DD056A0-A732-46AF-948F-C77EE1BAA304}
		{C8FBF9B4-13E3-43DD-9D20-568676B1CC7C} = {3EC89F98-6C96-4E97-98B1-5760672759AA}
		{4FBB2938-73D1-426E-B88B-4019BB8229BB} = {52EF6C6D-BA7C-4093-9B5E-C500AA261857}
		{0CD9C2F1-7D5D-4C58-BBC8-3702D66EEE29} = {52EF6C6D-BA7C-4093-9B5E-C500AA261857}
		{174558DB-A114-4637-8CA2-5EC3AE9EFE68} = {52EF6C6D-BA7C-4093-9B5E-C500AA261857}
		{5A4EE48B-A904-4499-AD88-FE41A7B83A86} = {52EF6C6D-BA7C-4093-9B5E-C500AA261857}
		{4C0374E9-0451-45D2-A989-10A7B01636C5} = {52EF6C6D-BA7C-4093-9B5E-C500AA261857}
		{9B1FDB03-2E77-4D37-9B1B-95A48D08B597} = {52EF6C6D-BA7C-4093-9B5E-C500AA261857}
		{E56A11F3-0E25-4747-9339-7E3601FD8B66} = {52EF6C6D-BA7C-4093-9B5E-C500AA261857}
		{9A96B121-E48E-4247-87E8-A0DEE0CC9298} = {3EC89F98-6C96-4E97-98B1-5760672759AA}
		{06857E11-13E3-4034-8F3A-0C4B2A7E6831} = {3EC89F98-6C96-4E97-98B1-5760672759AA}
		{3AEA8710-1F6B-4D44-85E1-640D022A6718} = {7931F833-6B64-460E-975A-A42042391EB4}
		{656D64E4-E622-4DE6-B908-C6957D8FE2EE} = {8A2A237F-BB39-47CB-8DD4-A45586DD4BE7}
		{7C0BD1BE-B492-4480-81DD-870B7B65EFA8} = {B2BC471C-A765-42EE-B43A-8A3A4AE57CEC}
		{A25C741F-A8B0-4B23-8C3E-B3AB6388FFBB} = {B2BC471C-A765-42EE-B43A-8A3A4AE57CEC}
		{F06EDEE0-AE17-4D7B-854D-22EAA0E92127} = {A2247E79-E6C4-4ED0-94AC-09E29CDC2A3D}
		{636DB9F1-79BC-43B0-804F-580CB1CE751E} = {F06EDEE0-AE17-4D7B-854D-22EAA0E92127}
		{95225434-9AB7-4C85-8206-81AAE7C38038} = {9243F27E-F618-4D70-AC5D-25CA9C0C6333}
		{16FF19AE-0307-43E3-92DB-E54C05C6FCB5} = {52EF6C6D-BA7C-4093-9B5E-C500AA261857}
		{3A50A03B-C23C-4DEB-802B-0E4EB5BD3547} = {0A43574D-A545-4339-8C1E-B8271A745F7C}
		{2B97B8FC-8DB9-4294-9D8D-A491BD63928E} = {76FE814D-7DFB-433D-935B-0C16D8EF88A9}
		{96A18C08-C52B-485C-A1FD-11FDA92D277F} = {349F2EED-424B-4141-927C-E1FADDA6922A}
		{1CF903DB-9D91-4C81-9262-8BF9E516A5C4} = {349F2EED-424B-4141-927C-E1FADDA6922A}
		{93C7DF73-0540-4666-90C9-86CFBED82FB3} = {349F2EED-424B-4141-927C-E1FADDA6922A}
		{C682FC96-880B-40E9-9C4E-B8B6E0C81294} = {96A18C08-C52B-485C-A1FD-11FDA92D277F}
		{004697D2-7084-4669-A793-9A348D883672} = {0CD9C2F1-7D5D-4C58-BBC8-3702D66EEE29}
		{3EC89F98-6C96-4E97-98B1-5760672759AA} = {4FBB2938-73D1-426E-B88B-4019BB8229BB}
		{7C92D0D0-D57D-490C-B84E-0EEE86D64AAD} = {4FBB2938-73D1-426E-B88B-4019BB8229BB}
		{7931F833-6B64-460E-975A-A42042391EB4} = {4FBB2938-73D1-426E-B88B-4019BB8229BB}
		{D47E0965-7528-47AA-AC05-313FA88A55C1} = {96A18C08-C52B-485C-A1FD-11FDA92D277F}
		{7DBD313F-590B-4FE7-9630-760A613C8C46} = {96A18C08-C52B-485C-A1FD-11FDA92D277F}
		{CA788C18-231D-408B-B0CB-1345AAEF8A48} = {96A18C08-C52B-485C-A1FD-11FDA92D277F}
		{72EB44B1-C2FC-4E92-8A9D-8295A13426AC} = {96A18C08-C52B-485C-A1FD-11FDA92D277F}
		{B14AA4C8-F963-4379-9C23-FD95896EBA13} = {96A18C08-C52B-485C-A1FD-11FDA92D277F}
		{2B9A3433-F023-475B-A717-200551D558ED} = {96A18C08-C52B-485C-A1FD-11FDA92D277F}
		{C57CB13E-C2BC-4340-B395-6C81D3FDA22B} = {93C7DF73-0540-4666-90C9-86CFBED82FB3}
		{48839DB8-A9E1-41B7-AE4B-4BD224294CEC} = {0CD9C2F1-7D5D-4C58-BBC8-3702D66EEE29}
		{CF97E0FF-B32F-4365-B39C-83151146C088} = {0CD9C2F1-7D5D-4C58-BBC8-3702D66EEE29}
		{6F3E343F-A419-46FD-AE2B-413A59F66D46} = {93C7DF73-0540-4666-90C9-86CFBED82FB3}
		{41A6E8E1-41DC-4158-BF06-D872D327B4A7} = {93C7DF73-0540-4666-90C9-86CFBED82FB3}
		{F9EFCCB9-7E02-4ACE-98ED-2FC396FDAE83} = {93C7DF73-0540-4666-90C9-86CFBED82FB3}
		{217ED486-B591-4728-941D-19BFAF838FD6} = {93C7DF73-0540-4666-90C9-86CFBED82FB3}
		{B9F7A9DF-9F23-419B-B8DE-3B21F516D30E} = {1CF903DB-9D91-4C81-9262-8BF9E516A5C4}
		{CCE06902-555D-4DE1-BF78-1FD65B619E46} = {174558DB-A114-4637-8CA2-5EC3AE9EFE68}
		{8A2A237F-BB39-47CB-8DD4-A45586DD4BE7} = {174558DB-A114-4637-8CA2-5EC3AE9EFE68}
		{4F9675A2-B47C-422C-BA60-0C6B23B1FAC2} = {BA240214-C2ED-4EF2-A9EB-EBE73D79884B}
		{E011D733-6B01-4E6B-AE1D-31A9A48C139F} = {4C0374E9-0451-45D2-A989-10A7B01636C5}
		{9243F27E-F618-4D70-AC5D-25CA9C0C6333} = {4C0374E9-0451-45D2-A989-10A7B01636C5}
		{B2BC471C-A765-42EE-B43A-8A3A4AE57CEC} = {5A4EE48B-A904-4499-AD88-FE41A7B83A86}
		{453FD033-83AE-4596-9003-4889BA0F5378} = {5A4EE48B-A904-4499-AD88-FE41A7B83A86}
		{D87E8AC7-8A7D-434D-AAA5-2EF26FD91326} = {F249BA92-9F27-46EC-BCB9-3AA011F1AC80}
		{370932FA-CFFD-429C-982C-80AB44DC622A} = {8B96E855-64EB-4BD5-8FC5-D9DBE74AAF7C}
		{177B0802-75D4-4772-A17C-A7C5C8BB5D88} = {A25C741F-A8B0-4B23-8C3E-B3AB6388FFBB}
		{AA195E37-92B2-4D8E-99AA-70EFD511FF39} = {9B1FDB03-2E77-4D37-9B1B-95A48D08B597}
		{3DD056A0-A732-46AF-948F-C77EE1BAA304} = {E56A11F3-0E25-4747-9339-7E3601FD8B66}
		{0A43574D-A545-4339-8C1E-B8271A745F7C} = {16FF19AE-0307-43E3-92DB-E54C05C6FCB5}
		{4E9AB7CB-3C70-40D0-B221-B847AA80B2B3} = {9B1FDB03-2E77-4D37-9B1B-95A48D08B597}
		{71B1943D-BEC0-412F-8747-2623D23D8EC8} = {E56A11F3-0E25-4747-9339-7E3601FD8B66}
		{378A088B-8D09-4A1F-9674-5C08E6213A04} = {16FF19AE-0307-43E3-92DB-E54C05C6FCB5}
		{B5D4BBE0-8939-4B5D-97D6-59D6DAD80F7B} = {E011D733-6B01-4E6B-AE1D-31A9A48C139F}
		{D516BCD6-3812-4311-AAB7-BF4B385EDFA3} = {B2BC471C-A765-42EE-B43A-8A3A4AE57CEC}
		{C54DD1DF-4915-4E6B-B5C9-FCA175B66C08} = {FF7E79C6-1472-409B-ABD2-66E62E9C2AC9}
		{6AC954AA-8A4F-4A6D-B479-C50BF65B691D} = {FF7E79C6-1472-409B-ABD2-66E62E9C2AC9}
		{712480F7-1672-48CE-8048-C51020BF8A0F} = {30FC4A2A-51F0-42C7-A988-699FB3031E74}
		{02981F8D-F67F-42F9-A3B6-F844FE1539F3} = {36DA0313-D53B-4DB8-AC4E-1CB3BE4F7C75}
		{F5FCC2A3-134B-4EED-BA2D-FA6266C300FA} = {96AA8DB2-3673-4684-8B9E-E979F138E3B9}
		{36DA0313-D53B-4DB8-AC4E-1CB3BE4F7C75} = {F5FCC2A3-134B-4EED-BA2D-FA6266C300FA}
		{5EC0DF16-17F6-4441-A54F-0A5BB8B982A5} = {F5FCC2A3-134B-4EED-BA2D-FA6266C300FA}
		{6CB34354-AA59-476D-B5E4-A67D5FBAEEB3} = {5EC0DF16-17F6-4441-A54F-0A5BB8B982A5}
		{7369DBEA-8A8C-44FD-8786-16E41AC830B4} = {5EC0DF16-17F6-4441-A54F-0A5BB8B982A5}
		{409611E8-1182-4EBE-A202-13C03F45C1FD} = {5EC0DF16-17F6-4441-A54F-0A5BB8B982A5}
		{B6872E8B-3BD4-49AB-802D-6FDF1774A172} = {96AA8DB2-3673-4684-8B9E-E979F138E3B9}
		{0E63512D-27AF-4588-8B30-6077DF057B85} = {96AA8DB2-3673-4684-8B9E-E979F138E3B9}
		{96B5FEDE-5CCD-4DC0-95DF-C4D4C4EBB46E} = {B6872E8B-3BD4-49AB-802D-6FDF1774A172}
		{F10AA1EE-35D1-47AF-BF3A-EB6809D6FFAA} = {0E63512D-27AF-4588-8B30-6077DF057B85}
		{2FB30683-E0DC-4B38-8359-A17A00ECE68D} = {96B5FEDE-5CCD-4DC0-95DF-C4D4C4EBB46E}
		{53C11715-5D43-416C-B12D-207CC0BC10A0} = {B6872E8B-3BD4-49AB-802D-6FDF1774A172}
		{76B4627C-C35D-4A9D-833B-2148177D8D60} = {53C11715-5D43-416C-B12D-207CC0BC10A0}
		{FB7F7D76-46DF-44E6-A696-70AA05E03979} = {F10AA1EE-35D1-47AF-BF3A-EB6809D6FFAA}
		{FE44FCA1-1141-4743-8D40-F11BAA4245A9} = {EF24CACC-F78F-42CD-B00F-FF4A6E93CC58}
		{1AC246FB-B70A-4592-9E93-296A578D0647} = {EF24CACC-F78F-42CD-B00F-FF4A6E93CC58}
		{D6222AC0-A8CD-4800-87C2-EABD0C91182C} = {53C11715-5D43-416C-B12D-207CC0BC10A0}
		{EF24CACC-F78F-42CD-B00F-FF4A6E93CC58} = {0E63512D-27AF-4588-8B30-6077DF057B85}
		{06B08BF3-3809-4184-B9E0-35BEF1CA1AAA} = {1AC246FB-B70A-4592-9E93-296A578D0647}
		{805C899D-9C49-412F-9BAB-E8317D48D8F1} = {D6222AC0-A8CD-4800-87C2-EABD0C91182C}
		{6D661E61-5340-4968-800C-C2B75A1476AA} = {453FD033-83AE-4596-9003-4889BA0F5378}
		{FA73E7AC-A098-47D1-99FD-D0423DA0668C} = {5B2357FA-9BBB-48FF-A8C5-DBAA5A148820}
		{0945572A-F23E-4D83-A394-89A35578E0FD} = {5EE701FC-7444-468B-9AEF-2C419FC836F1}
		{FD76978C-D9F7-49FB-979C-02A88E40545B} = {96AA8DB2-3673-4684-8B9E-E979F138E3B9}
		{139AB886-D0E6-48A2-A48B-E5B9C5185FE7} = {3A503486-D83B-4362-BADC-75CA0A65C81C}
		{3A503486-D83B-4362-BADC-75CA0A65C81C} = {FD76978C-D9F7-49FB-979C-02A88E40545B}
		{F7CDC99C-E7D3-4FB6-84BE-AA94B1FD83AD} = {FD76978C-D9F7-49FB-979C-02A88E40545B}
		{644A6EC9-729F-4746-A4B7-C91D9E5DAA26} = {F7CDC99C-E7D3-4FB6-84BE-AA94B1FD83AD}
		{C4A3F99C-994A-49E6-9AA3-47454E759DDE} = {F7CDC99C-E7D3-4FB6-84BE-AA94B1FD83AD}
		{E701527F-7102-44CB-B703-CB44D9E31995} = {C4A3F99C-994A-49E6-9AA3-47454E759DDE}
		{642C2DDE-E6D5-45C3-ABBD-B61A68FC08B9} = {409611E8-1182-4EBE-A202-13C03F45C1FD}
		{8E73760D-8ED1-49F3-8710-E2CF2D0E88B6} = {96AA8DB2-3673-4684-8B9E-E979F138E3B9}
		{6148ADFD-674F-4894-B08E-EB6C0BCE4529} = {8E73760D-8ED1-49F3-8710-E2CF2D0E88B6}
		{EE09D51E-31D2-4A73-AC24-E53A7E11C0E9} = {6148ADFD-674F-4894-B08E-EB6C0BCE4529}
		{24276036-8E67-48EC-A74D-9559D6874762} = {8E73760D-8ED1-49F3-8710-E2CF2D0E88B6}
		{11F319C4-40CD-433A-8FC1-2FDC4010C1CD} = {24276036-8E67-48EC-A74D-9559D6874762}
		{AE956241-3975-4574-B1E9-460AD94133B4} = {24276036-8E67-48EC-A74D-9559D6874762}
		{209A9F88-1318-41A4-899F-4FA6CA2FD597} = {24276036-8E67-48EC-A74D-9559D6874762}
		{398F76F6-976D-494A-9E41-A588E1ED39D9} = {30FC4A2A-51F0-42C7-A988-699FB3031E74}
		{9DBEACD3-3926-4E77-9449-21AF14466CF7} = {7C92D0D0-D57D-490C-B84E-0EEE86D64AAD}
		{C96F1A75-D3EC-42F3-A13E-DA19A32851B8} = {EFCF1C3C-55D8-4ADC-809F-13722CFE7F16}
		{EFCF1C3C-55D8-4ADC-809F-13722CFE7F16} = {71465C4C-AEC8-4456-9996-B34DF995AF4A}
		{26E8370F-2AF0-42B2-AEB2-99FFD2DBCF3B} = {EFCF1C3C-55D8-4ADC-809F-13722CFE7F16}
		{87DE6A56-0E6D-4FA3-823D-0A98370F6A5D} = {EFCF1C3C-55D8-4ADC-809F-13722CFE7F16}
		{D2C572E7-DE21-4E96-8E28-241036D1F16F} = {87DE6A56-0E6D-4FA3-823D-0A98370F6A5D}
		{58FBECA3-18E6-48B1-A048-AB2222CD44E0} = {5EE701FC-7444-468B-9AEF-2C419FC836F1}
		{8F091FF2-3366-41F6-AD2F-AE0ABC6570A6} = {5EE701FC-7444-468B-9AEF-2C419FC836F1}
		{5B2357FA-9BBB-48FF-A8C5-DBAA5A148820} = {4371EF38-EE53-446D-89E3-20F8B29050C4}
		{FC077DE4-E6DF-40E1-AA69-9BA31CDC9AAA} = {4371EF38-EE53-446D-89E3-20F8B29050C4}
		{A4260498-C637-44BD-9127-3711F6C55237} = {FC077DE4-E6DF-40E1-AA69-9BA31CDC9AAA}
		{2A9008E5-7371-4276-A148-B898EF8F8218} = {349F2EED-424B-4141-927C-E1FADDA6922A}
		{42491090-A440-41A1-895A-1E22CA011697} = {2A9008E5-7371-4276-A148-B898EF8F8218}
		{5240AE21-F20B-4B9A-899B-4054F99A5D7E} = {96A18C08-C52B-485C-A1FD-11FDA92D277F}
	EndGlobalSection
	GlobalSection(ExtensibilityGlobals) = postSolution
		SolutionGuid = {6388EAFE-4A13-4380-B471-718F5688C05E}
	EndGlobalSection
EndGlobal
